// !$*UTF8*$!
{
	archiveVersion = 1;
	classes = {
	};
	objectVersion = 56;
	objects = {

/* Begin PBXBuildFile section */
		7A4B0B5529CC77DF003C3700 /* MoviesListApp.swift in Sources */ = {isa = PBXBuildFile; fileRef = 7A4B0B5429CC77DF003C3700 /* MoviesListApp.swift */; };
		7A4B0B5929CC77E1003C3700 /* Images.xcassets in Resources */ = {isa = PBXBuildFile; fileRef = 7A4B0B5829CC77E1003C3700 /* Images.xcassets */; };
		7A4B0B5C29CC77E1003C3700 /* Preview Assets.xcassets in Resources */ = {isa = PBXBuildFile; fileRef = 7A4B0B5B29CC77E1003C3700 /* Preview Assets.xcassets */; };
		7A4B0B5E29CC77E1003C3700 /* Persistence.swift in Sources */ = {isa = PBXBuildFile; fileRef = 7A4B0B5D29CC77E1003C3700 /* Persistence.swift */; };
		7A4B0B6129CC77E1003C3700 /* MoviesList.xcdatamodeld in Sources */ = {isa = PBXBuildFile; fileRef = 7A4B0B5F29CC77E1003C3700 /* MoviesList.xcdatamodeld */; };
		7A4B0B6B29CC77E1003C3700 /* MoviesListTests.swift in Sources */ = {isa = PBXBuildFile; fileRef = 7A4B0B6A29CC77E1003C3700 /* MoviesListTests.swift */; };
		7A4B0B7529CC77E1003C3700 /* MoviesListUITests.swift in Sources */ = {isa = PBXBuildFile; fileRef = 7A4B0B7429CC77E1003C3700 /* MoviesListUITests.swift */; };
		7A4B0B7729CC77E1003C3700 /* MoviesListUITestsLaunchTests.swift in Sources */ = {isa = PBXBuildFile; fileRef = 7A4B0B7629CC77E1003C3700 /* MoviesListUITestsLaunchTests.swift */; };
		7A4B0B8829CC7C00003C3700 /* Localizable.strings in Resources */ = {isa = PBXBuildFile; fileRef = 7A4B0B8A29CC7C00003C3700 /* Localizable.strings */; };
		7A4B0B9629CC8245003C3700 /* Colors.xcassets in Resources */ = {isa = PBXBuildFile; fileRef = 7A4B0B9529CC8245003C3700 /* Colors.xcassets */; };
		7A4B0B9929CC8278003C3700 /* Strings.swift in Sources */ = {isa = PBXBuildFile; fileRef = 7A4B0B9729CC8278003C3700 /* Strings.swift */; };
		7A4B0B9A29CC8278003C3700 /* XCAssets+Generated.swift in Sources */ = {isa = PBXBuildFile; fileRef = 7A4B0B9829CC8278003C3700 /* XCAssets+Generated.swift */; };
		7AD3123F29D43C17002B6253 /* Data in Frameworks */ = {isa = PBXBuildFile; productRef = 7AD3123E29D43C17002B6253 /* Data */; };
		7AD3124129D43C17002B6253 /* Domain in Frameworks */ = {isa = PBXBuildFile; productRef = 7AD3124029D43C17002B6253 /* Domain */; };
		7AD3124429D44170002B6253 /* KeychainAccess in Frameworks */ = {isa = PBXBuildFile; productRef = 7AD3124329D44170002B6253 /* KeychainAccess */; };
		7AECEA2429D1B96C004129AA /* CustomizedTextField.swift in Sources */ = {isa = PBXBuildFile; fileRef = 7AECEA2329D1B96C004129AA /* CustomizedTextField.swift */; };
		7AECEA2829D1BFB9004129AA /* CustomizedTextFieldBackground.swift in Sources */ = {isa = PBXBuildFile; fileRef = 7AECEA2729D1BFB9004129AA /* CustomizedTextFieldBackground.swift */; };
		7AECEA2A29D1C09A004129AA /* Assets+SwiftUI.swift in Sources */ = {isa = PBXBuildFile; fileRef = 7AECEA2929D1C09A004129AA /* Assets+SwiftUI.swift */; };
		7AECEA2C29D1C545004129AA /* LoginView.swift in Sources */ = {isa = PBXBuildFile; fileRef = 7AECEA2B29D1C545004129AA /* LoginView.swift */; };
		7AECEA2F29D1C577004129AA /* LoginViewModel.swift in Sources */ = {isa = PBXBuildFile; fileRef = 7AECEA2E29D1C577004129AA /* LoginViewModel.swift */; };
/* End PBXBuildFile section */

/* Begin PBXContainerItemProxy section */
		7A4B0B6729CC77E1003C3700 /* PBXContainerItemProxy */ = {
			isa = PBXContainerItemProxy;
			containerPortal = 7A4B0B4929CC77DF003C3700 /* Project object */;
			proxyType = 1;
			remoteGlobalIDString = 7A4B0B5029CC77DF003C3700;
			remoteInfo = MoviesList;
		};
		7A4B0B7129CC77E1003C3700 /* PBXContainerItemProxy */ = {
			isa = PBXContainerItemProxy;
			containerPortal = 7A4B0B4929CC77DF003C3700 /* Project object */;
			proxyType = 1;
			remoteGlobalIDString = 7A4B0B5029CC77DF003C3700;
			remoteInfo = MoviesList;
		};
/* End PBXContainerItemProxy section */

/* Begin PBXFileReference section */
		7A4B0B5129CC77DF003C3700 /* MoviesList.app */ = {isa = PBXFileReference; explicitFileType = wrapper.application; includeInIndex = 0; path = MoviesList.app; sourceTree = BUILT_PRODUCTS_DIR; };
		7A4B0B5429CC77DF003C3700 /* MoviesListApp.swift */ = {isa = PBXFileReference; lastKnownFileType = sourcecode.swift; path = MoviesListApp.swift; sourceTree = "<group>"; };
		7A4B0B5829CC77E1003C3700 /* Images.xcassets */ = {isa = PBXFileReference; lastKnownFileType = folder.assetcatalog; path = Images.xcassets; sourceTree = "<group>"; };
		7A4B0B5B29CC77E1003C3700 /* Preview Assets.xcassets */ = {isa = PBXFileReference; lastKnownFileType = folder.assetcatalog; path = "Preview Assets.xcassets"; sourceTree = "<group>"; };
		7A4B0B5D29CC77E1003C3700 /* Persistence.swift */ = {isa = PBXFileReference; lastKnownFileType = sourcecode.swift; path = Persistence.swift; sourceTree = "<group>"; };
		7A4B0B6029CC77E1003C3700 /* MoviesList.xcdatamodel */ = {isa = PBXFileReference; lastKnownFileType = wrapper.xcdatamodel; path = MoviesList.xcdatamodel; sourceTree = "<group>"; };
		7A4B0B6629CC77E1003C3700 /* MoviesListTests.xctest */ = {isa = PBXFileReference; explicitFileType = wrapper.cfbundle; includeInIndex = 0; path = MoviesListTests.xctest; sourceTree = BUILT_PRODUCTS_DIR; };
		7A4B0B6A29CC77E1003C3700 /* MoviesListTests.swift */ = {isa = PBXFileReference; lastKnownFileType = sourcecode.swift; path = MoviesListTests.swift; sourceTree = "<group>"; };
		7A4B0B7029CC77E1003C3700 /* MoviesListUITests.xctest */ = {isa = PBXFileReference; explicitFileType = wrapper.cfbundle; includeInIndex = 0; path = MoviesListUITests.xctest; sourceTree = BUILT_PRODUCTS_DIR; };
		7A4B0B7429CC77E1003C3700 /* MoviesListUITests.swift */ = {isa = PBXFileReference; lastKnownFileType = sourcecode.swift; path = MoviesListUITests.swift; sourceTree = "<group>"; };
		7A4B0B7629CC77E1003C3700 /* MoviesListUITestsLaunchTests.swift */ = {isa = PBXFileReference; lastKnownFileType = sourcecode.swift; path = MoviesListUITestsLaunchTests.swift; sourceTree = "<group>"; };
		7A4B0B8929CC7C00003C3700 /* en */ = {isa = PBXFileReference; lastKnownFileType = text.plist.strings; name = en; path = en.lproj/Localizable.strings; sourceTree = "<group>"; };
		7A4B0B8B29CC7C07003C3700 /* ru */ = {isa = PBXFileReference; lastKnownFileType = text.plist.strings; name = ru; path = ru.lproj/Localizable.strings; sourceTree = "<group>"; };
		7A4B0B9529CC8245003C3700 /* Colors.xcassets */ = {isa = PBXFileReference; lastKnownFileType = folder.assetcatalog; path = Colors.xcassets; sourceTree = "<group>"; };
		7A4B0B9729CC8278003C3700 /* Strings.swift */ = {isa = PBXFileReference; fileEncoding = 4; lastKnownFileType = sourcecode.swift; path = Strings.swift; sourceTree = "<group>"; };
		7A4B0B9829CC8278003C3700 /* XCAssets+Generated.swift */ = {isa = PBXFileReference; fileEncoding = 4; lastKnownFileType = sourcecode.swift; path = "XCAssets+Generated.swift"; sourceTree = "<group>"; };
		7AD3123B29D43AB9002B6253 /* Data */ = {isa = PBXFileReference; lastKnownFileType = wrapper; path = Data; sourceTree = "<group>"; };
		7AD3123C29D43BCD002B6253 /* Domain */ = {isa = PBXFileReference; lastKnownFileType = wrapper; path = Domain; sourceTree = "<group>"; };
		7AECEA2329D1B96C004129AA /* CustomizedTextField.swift */ = {isa = PBXFileReference; lastKnownFileType = sourcecode.swift; path = CustomizedTextField.swift; sourceTree = "<group>"; };
		7AECEA2729D1BFB9004129AA /* CustomizedTextFieldBackground.swift */ = {isa = PBXFileReference; lastKnownFileType = sourcecode.swift; path = CustomizedTextFieldBackground.swift; sourceTree = "<group>"; };
		7AECEA2929D1C09A004129AA /* Assets+SwiftUI.swift */ = {isa = PBXFileReference; lastKnownFileType = sourcecode.swift; path = "Assets+SwiftUI.swift"; sourceTree = "<group>"; };
		7AECEA2B29D1C545004129AA /* LoginView.swift */ = {isa = PBXFileReference; lastKnownFileType = sourcecode.swift; path = LoginView.swift; sourceTree = "<group>"; };
		7AECEA2E29D1C577004129AA /* LoginViewModel.swift */ = {isa = PBXFileReference; lastKnownFileType = sourcecode.swift; path = LoginViewModel.swift; sourceTree = "<group>"; };
/* End PBXFileReference section */

/* Begin PBXFrameworksBuildPhase section */
		7A4B0B4E29CC77DF003C3700 /* Frameworks */ = {
			isa = PBXFrameworksBuildPhase;
			buildActionMask = 2147483647;
			files = (
				7AD3124129D43C17002B6253 /* Domain in Frameworks */,
				7AD3123F29D43C17002B6253 /* Data in Frameworks */,
				7AD3124429D44170002B6253 /* KeychainAccess in Frameworks */,
			);
			runOnlyForDeploymentPostprocessing = 0;
		};
		7A4B0B6329CC77E1003C3700 /* Frameworks */ = {
			isa = PBXFrameworksBuildPhase;
			buildActionMask = 2147483647;
			files = (
			);
			runOnlyForDeploymentPostprocessing = 0;
		};
		7A4B0B6D29CC77E1003C3700 /* Frameworks */ = {
			isa = PBXFrameworksBuildPhase;
			buildActionMask = 2147483647;
			files = (
			);
			runOnlyForDeploymentPostprocessing = 0;
		};
/* End PBXFrameworksBuildPhase section */

/* Begin PBXGroup section */
		7A4B0B4829CC77DF003C3700 = {
			isa = PBXGroup;
			children = (
				7A4B0B5329CC77DF003C3700 /* MoviesList */,
				7A4B0B6929CC77E1003C3700 /* MoviesListTests */,
				7A4B0B7329CC77E1003C3700 /* MoviesListUITests */,
				7A4B0B5229CC77DF003C3700 /* Products */,
				7AD3123D29D43C17002B6253 /* Frameworks */,
			);
			sourceTree = "<group>";
		};
		7A4B0B5229CC77DF003C3700 /* Products */ = {
			isa = PBXGroup;
			children = (
				7A4B0B5129CC77DF003C3700 /* MoviesList.app */,
				7A4B0B6629CC77E1003C3700 /* MoviesListTests.xctest */,
				7A4B0B7029CC77E1003C3700 /* MoviesListUITests.xctest */,
			);
			name = Products;
			sourceTree = "<group>";
		};
		7A4B0B5329CC77DF003C3700 /* MoviesList */ = {
			isa = PBXGroup;
			children = (
				7AD3123A29D43A92002B6253 /* LocalPackages */,
				7AAF324E29D2DE8D00477959 /* Network */,
				7AECEA1F29D1AB9B004129AA /* Presentation */,
				7A4B0B8529CC7BE1003C3700 /* Resources */,
				7A4B0B5429CC77DF003C3700 /* MoviesListApp.swift */,
				7A4B0B5D29CC77E1003C3700 /* Persistence.swift */,
				7A4B0B5F29CC77E1003C3700 /* MoviesList.xcdatamodeld */,
				7A4B0B5A29CC77E1003C3700 /* Preview Content */,
			);
			path = MoviesList;
			sourceTree = "<group>";
		};
		7A4B0B5A29CC77E1003C3700 /* Preview Content */ = {
			isa = PBXGroup;
			children = (
				7A4B0B5B29CC77E1003C3700 /* Preview Assets.xcassets */,
			);
			path = "Preview Content";
			sourceTree = "<group>";
		};
		7A4B0B6929CC77E1003C3700 /* MoviesListTests */ = {
			isa = PBXGroup;
			children = (
				7A4B0B6A29CC77E1003C3700 /* MoviesListTests.swift */,
			);
			path = MoviesListTests;
			sourceTree = "<group>";
		};
		7A4B0B7329CC77E1003C3700 /* MoviesListUITests */ = {
			isa = PBXGroup;
			children = (
				7A4B0B7429CC77E1003C3700 /* MoviesListUITests.swift */,
				7A4B0B7629CC77E1003C3700 /* MoviesListUITestsLaunchTests.swift */,
			);
			path = MoviesListUITests;
			sourceTree = "<group>";
		};
		7A4B0B8529CC7BE1003C3700 /* Resources */ = {
			isa = PBXGroup;
			children = (
				7A4B0B8E29CC7E7E003C3700 /* SwiftGen */,
				7A4B0B5829CC77E1003C3700 /* Images.xcassets */,
				7A4B0B9529CC8245003C3700 /* Colors.xcassets */,
				7A4B0B8A29CC7C00003C3700 /* Localizable.strings */,
			);
			path = Resources;
			sourceTree = "<group>";
		};
		7A4B0B8E29CC7E7E003C3700 /* SwiftGen */ = {
			isa = PBXGroup;
			children = (
				7A4B0B9729CC8278003C3700 /* Strings.swift */,
				7AECEA2929D1C09A004129AA /* Assets+SwiftUI.swift */,
				7A4B0B9829CC8278003C3700 /* XCAssets+Generated.swift */,
			);
			path = SwiftGen;
			sourceTree = "<group>";
		};
		7AAF324E29D2DE8D00477959 /* Network */ = {
			isa = PBXGroup;
			children = (
			);
			path = Network;
			sourceTree = "<group>";
		};
		7AD3123A29D43A92002B6253 /* LocalPackages */ = {
			isa = PBXGroup;
			children = (
				7AD3123C29D43BCD002B6253 /* Domain */,
				7AD3123B29D43AB9002B6253 /* Data */,
			);
			path = LocalPackages;
			sourceTree = "<group>";
		};
		7AD3123D29D43C17002B6253 /* Frameworks */ = {
			isa = PBXGroup;
			children = (
			);
			name = Frameworks;
			sourceTree = "<group>";
		};
		7AECEA1F29D1AB9B004129AA /* Presentation */ = {
			isa = PBXGroup;
			children = (
				7AECEA2229D1AC2D004129AA /* Screens */,
				7AECEA2129D1AC16004129AA /* Library */,
			);
			path = Presentation;
			sourceTree = "<group>";
		};
		7AECEA2029D1ABBC004129AA /* UIComponents */ = {
			isa = PBXGroup;
			children = (
				7AECEA2329D1B96C004129AA /* CustomizedTextField.swift */,
				7AECEA2729D1BFB9004129AA /* CustomizedTextFieldBackground.swift */,
			);
			path = UIComponents;
			sourceTree = "<group>";
		};
		7AECEA2129D1AC16004129AA /* Library */ = {
			isa = PBXGroup;
			children = (
				7AECEA2029D1ABBC004129AA /* UIComponents */,
			);
			path = Library;
			sourceTree = "<group>";
		};
		7AECEA2229D1AC2D004129AA /* Screens */ = {
			isa = PBXGroup;
			children = (
				7AECEA2D29D1C549004129AA /* Login */,
			);
			path = Screens;
			sourceTree = "<group>";
		};
		7AECEA2D29D1C549004129AA /* Login */ = {
			isa = PBXGroup;
			children = (
				7AECEA2B29D1C545004129AA /* LoginView.swift */,
				7AECEA2E29D1C577004129AA /* LoginViewModel.swift */,
			);
			path = Login;
			sourceTree = "<group>";
		};
/* End PBXGroup section */

/* Begin PBXNativeTarget section */
		7A4B0B5029CC77DF003C3700 /* MoviesList */ = {
			isa = PBXNativeTarget;
			buildConfigurationList = 7A4B0B7A29CC77E1003C3700 /* Build configuration list for PBXNativeTarget "MoviesList" */;
			buildPhases = (
				7A4B0B8329CC7A61003C3700 /* SwiftGen */,
				7A4B0B4D29CC77DF003C3700 /* Sources */,
				7A4B0B4E29CC77DF003C3700 /* Frameworks */,
				7A4B0B4F29CC77DF003C3700 /* Resources */,
				7A4B0B8429CC7ADC003C3700 /* SwiftLint */,
			);
			buildRules = (
			);
			dependencies = (
			);
			name = MoviesList;
			packageProductDependencies = (
				7AD3123E29D43C17002B6253 /* Data */,
				7AD3124029D43C17002B6253 /* Domain */,
				7AD3124329D44170002B6253 /* KeychainAccess */,
			);
			productName = MoviesList;
			productReference = 7A4B0B5129CC77DF003C3700 /* MoviesList.app */;
			productType = "com.apple.product-type.application";
		};
		7A4B0B6529CC77E1003C3700 /* MoviesListTests */ = {
			isa = PBXNativeTarget;
			buildConfigurationList = 7A4B0B7D29CC77E1003C3700 /* Build configuration list for PBXNativeTarget "MoviesListTests" */;
			buildPhases = (
				7A4B0B6229CC77E1003C3700 /* Sources */,
				7A4B0B6329CC77E1003C3700 /* Frameworks */,
				7A4B0B6429CC77E1003C3700 /* Resources */,
			);
			buildRules = (
			);
			dependencies = (
				7A4B0B6829CC77E1003C3700 /* PBXTargetDependency */,
			);
			name = MoviesListTests;
			productName = MoviesListTests;
			productReference = 7A4B0B6629CC77E1003C3700 /* MoviesListTests.xctest */;
			productType = "com.apple.product-type.bundle.unit-test";
		};
		7A4B0B6F29CC77E1003C3700 /* MoviesListUITests */ = {
			isa = PBXNativeTarget;
			buildConfigurationList = 7A4B0B8029CC77E1003C3700 /* Build configuration list for PBXNativeTarget "MoviesListUITests" */;
			buildPhases = (
				7A4B0B6C29CC77E1003C3700 /* Sources */,
				7A4B0B6D29CC77E1003C3700 /* Frameworks */,
				7A4B0B6E29CC77E1003C3700 /* Resources */,
			);
			buildRules = (
			);
			dependencies = (
				7A4B0B7229CC77E1003C3700 /* PBXTargetDependency */,
			);
			name = MoviesListUITests;
			productName = MoviesListUITests;
			productReference = 7A4B0B7029CC77E1003C3700 /* MoviesListUITests.xctest */;
			productType = "com.apple.product-type.bundle.ui-testing";
		};
/* End PBXNativeTarget section */

/* Begin PBXProject section */
		7A4B0B4929CC77DF003C3700 /* Project object */ = {
			isa = PBXProject;
			attributes = {
				BuildIndependentTargetsInParallel = 1;
				LastSwiftUpdateCheck = 1420;
				LastUpgradeCheck = 1420;
				TargetAttributes = {
					7A4B0B5029CC77DF003C3700 = {
						CreatedOnToolsVersion = 14.2;
					};
					7A4B0B6529CC77E1003C3700 = {
						CreatedOnToolsVersion = 14.2;
						TestTargetID = 7A4B0B5029CC77DF003C3700;
					};
					7A4B0B6F29CC77E1003C3700 = {
						CreatedOnToolsVersion = 14.2;
						TestTargetID = 7A4B0B5029CC77DF003C3700;
					};
				};
			};
			buildConfigurationList = 7A4B0B4C29CC77DF003C3700 /* Build configuration list for PBXProject "MoviesList" */;
			compatibilityVersion = "Xcode 14.0";
			developmentRegion = en;
			hasScannedForEncodings = 0;
			knownRegions = (
				en,
				Base,
				ru,
			);
			mainGroup = 7A4B0B4829CC77DF003C3700;
			packageReferences = (
				7AD3124229D44170002B6253 /* XCRemoteSwiftPackageReference "KeychainAccess" */,
			);
			productRefGroup = 7A4B0B5229CC77DF003C3700 /* Products */;
			projectDirPath = "";
			projectRoot = "";
			targets = (
				7A4B0B5029CC77DF003C3700 /* MoviesList */,
				7A4B0B6529CC77E1003C3700 /* MoviesListTests */,
				7A4B0B6F29CC77E1003C3700 /* MoviesListUITests */,
			);
		};
/* End PBXProject section */

/* Begin PBXResourcesBuildPhase section */
		7A4B0B4F29CC77DF003C3700 /* Resources */ = {
			isa = PBXResourcesBuildPhase;
			buildActionMask = 2147483647;
			files = (
				7A4B0B5C29CC77E1003C3700 /* Preview Assets.xcassets in Resources */,
				7A4B0B9629CC8245003C3700 /* Colors.xcassets in Resources */,
				7A4B0B8829CC7C00003C3700 /* Localizable.strings in Resources */,
				7A4B0B5929CC77E1003C3700 /* Images.xcassets in Resources */,
			);
			runOnlyForDeploymentPostprocessing = 0;
		};
		7A4B0B6429CC77E1003C3700 /* Resources */ = {
			isa = PBXResourcesBuildPhase;
			buildActionMask = 2147483647;
			files = (
			);
			runOnlyForDeploymentPostprocessing = 0;
		};
		7A4B0B6E29CC77E1003C3700 /* Resources */ = {
			isa = PBXResourcesBuildPhase;
			buildActionMask = 2147483647;
			files = (
			);
			runOnlyForDeploymentPostprocessing = 0;
		};
/* End PBXResourcesBuildPhase section */

/* Begin PBXShellScriptBuildPhase section */
		7A4B0B8329CC7A61003C3700 /* SwiftGen */ = {
			isa = PBXShellScriptBuildPhase;
			buildActionMask = 2147483647;
			files = (
			);
			inputFileListPaths = (
			);
			inputPaths = (
			);
			name = SwiftGen;
			outputFileListPaths = (
			);
			outputPaths = (
			);
			runOnlyForDeploymentPostprocessing = 0;
			shellPath = /bin/sh;
			shellScript = "\"${PROJECT_DIR}/swiftgen/bin/swiftgen\"\n";
		};
		7A4B0B8429CC7ADC003C3700 /* SwiftLint */ = {
			isa = PBXShellScriptBuildPhase;
			buildActionMask = 2147483647;
			files = (
			);
			inputFileListPaths = (
			);
			inputPaths = (
			);
			name = SwiftLint;
			outputFileListPaths = (
			);
			outputPaths = (
			);
			runOnlyForDeploymentPostprocessing = 0;
			shellPath = /bin/sh;
			shellScript = "export PATH=\"$PATH:/opt/homebrew/bin\"\n\nif which swiftlint >/dev/null; then\n  swiftlint\nelse\n  echo \"warning: SwiftLint not installed, download from https://github.com/realm/SwiftLint\"\nfi\n\n";
		};
/* End PBXShellScriptBuildPhase section */

/* Begin PBXSourcesBuildPhase section */
		7A4B0B4D29CC77DF003C3700 /* Sources */ = {
			isa = PBXSourcesBuildPhase;
			buildActionMask = 2147483647;
			files = (
				7A4B0B5E29CC77E1003C3700 /* Persistence.swift in Sources */,
				7AECEA2A29D1C09A004129AA /* Assets+SwiftUI.swift in Sources */,
				7AECEA2F29D1C577004129AA /* LoginViewModel.swift in Sources */,
				7AECEA2429D1B96C004129AA /* CustomizedTextField.swift in Sources */,
				7A4B0B9929CC8278003C3700 /* Strings.swift in Sources */,
				7A4B0B9A29CC8278003C3700 /* XCAssets+Generated.swift in Sources */,
				7A4B0B6129CC77E1003C3700 /* MoviesList.xcdatamodeld in Sources */,
				7AECEA2829D1BFB9004129AA /* CustomizedTextFieldBackground.swift in Sources */,
				7AECEA2C29D1C545004129AA /* LoginView.swift in Sources */,
				7A4B0B5529CC77DF003C3700 /* MoviesListApp.swift in Sources */,
			);
			runOnlyForDeploymentPostprocessing = 0;
		};
		7A4B0B6229CC77E1003C3700 /* Sources */ = {
			isa = PBXSourcesBuildPhase;
			buildActionMask = 2147483647;
			files = (
				7A4B0B6B29CC77E1003C3700 /* MoviesListTests.swift in Sources */,
			);
			runOnlyForDeploymentPostprocessing = 0;
		};
		7A4B0B6C29CC77E1003C3700 /* Sources */ = {
			isa = PBXSourcesBuildPhase;
			buildActionMask = 2147483647;
			files = (
				7A4B0B7529CC77E1003C3700 /* MoviesListUITests.swift in Sources */,
				7A4B0B7729CC77E1003C3700 /* MoviesListUITestsLaunchTests.swift in Sources */,
			);
			runOnlyForDeploymentPostprocessing = 0;
		};
/* End PBXSourcesBuildPhase section */

/* Begin PBXTargetDependency section */
		7A4B0B6829CC77E1003C3700 /* PBXTargetDependency */ = {
			isa = PBXTargetDependency;
			target = 7A4B0B5029CC77DF003C3700 /* MoviesList */;
			targetProxy = 7A4B0B6729CC77E1003C3700 /* PBXContainerItemProxy */;
		};
		7A4B0B7229CC77E1003C3700 /* PBXTargetDependency */ = {
			isa = PBXTargetDependency;
			target = 7A4B0B5029CC77DF003C3700 /* MoviesList */;
			targetProxy = 7A4B0B7129CC77E1003C3700 /* PBXContainerItemProxy */;
		};
/* End PBXTargetDependency section */

/* Begin PBXVariantGroup section */
		7A4B0B8A29CC7C00003C3700 /* Localizable.strings */ = {
			isa = PBXVariantGroup;
			children = (
				7A4B0B8929CC7C00003C3700 /* en */,
				7A4B0B8B29CC7C07003C3700 /* ru */,
			);
			name = Localizable.strings;
			sourceTree = "<group>";
		};
/* End PBXVariantGroup section */

/* Begin XCBuildConfiguration section */
		7A4B0B7829CC77E1003C3700 /* Debug */ = {
			isa = XCBuildConfiguration;
			buildSettings = {
				ALWAYS_SEARCH_USER_PATHS = NO;
				CLANG_ANALYZER_NONNULL = YES;
				CLANG_ANALYZER_NUMBER_OBJECT_CONVERSION = YES_AGGRESSIVE;
				CLANG_CXX_LANGUAGE_STANDARD = "gnu++20";
				CLANG_ENABLE_MODULES = YES;
				CLANG_ENABLE_OBJC_ARC = YES;
				CLANG_ENABLE_OBJC_WEAK = YES;
				CLANG_WARN_BLOCK_CAPTURE_AUTORELEASING = YES;
				CLANG_WARN_BOOL_CONVERSION = YES;
				CLANG_WARN_COMMA = YES;
				CLANG_WARN_CONSTANT_CONVERSION = YES;
				CLANG_WARN_DEPRECATED_OBJC_IMPLEMENTATIONS = YES;
				CLANG_WARN_DIRECT_OBJC_ISA_USAGE = YES_ERROR;
				CLANG_WARN_DOCUMENTATION_COMMENTS = YES;
				CLANG_WARN_EMPTY_BODY = YES;
				CLANG_WARN_ENUM_CONVERSION = YES;
				CLANG_WARN_INFINITE_RECURSION = YES;
				CLANG_WARN_INT_CONVERSION = YES;
				CLANG_WARN_NON_LITERAL_NULL_CONVERSION = YES;
				CLANG_WARN_OBJC_IMPLICIT_RETAIN_SELF = YES;
				CLANG_WARN_OBJC_LITERAL_CONVERSION = YES;
				CLANG_WARN_OBJC_ROOT_CLASS = YES_ERROR;
				CLANG_WARN_QUOTED_INCLUDE_IN_FRAMEWORK_HEADER = YES;
				CLANG_WARN_RANGE_LOOP_ANALYSIS = YES;
				CLANG_WARN_STRICT_PROTOTYPES = YES;
				CLANG_WARN_SUSPICIOUS_MOVE = YES;
				CLANG_WARN_UNGUARDED_AVAILABILITY = YES_AGGRESSIVE;
				CLANG_WARN_UNREACHABLE_CODE = YES;
				CLANG_WARN__DUPLICATE_METHOD_MATCH = YES;
				COPY_PHASE_STRIP = NO;
				DEBUG_INFORMATION_FORMAT = dwarf;
				ENABLE_STRICT_OBJC_MSGSEND = YES;
				ENABLE_TESTABILITY = YES;
				GCC_C_LANGUAGE_STANDARD = gnu11;
				GCC_DYNAMIC_NO_PIC = NO;
				GCC_NO_COMMON_BLOCKS = YES;
				GCC_OPTIMIZATION_LEVEL = 0;
				GCC_PREPROCESSOR_DEFINITIONS = (
					"DEBUG=1",
					"$(inherited)",
				);
				GCC_WARN_64_TO_32_BIT_CONVERSION = YES;
				GCC_WARN_ABOUT_RETURN_TYPE = YES_ERROR;
				GCC_WARN_UNDECLARED_SELECTOR = YES;
				GCC_WARN_UNINITIALIZED_AUTOS = YES_AGGRESSIVE;
				GCC_WARN_UNUSED_FUNCTION = YES;
				GCC_WARN_UNUSED_VARIABLE = YES;
				IPHONEOS_DEPLOYMENT_TARGET = 16.2;
				MTL_ENABLE_DEBUG_INFO = INCLUDE_SOURCE;
				MTL_FAST_MATH = YES;
				ONLY_ACTIVE_ARCH = YES;
				SDKROOT = iphoneos;
				SWIFT_ACTIVE_COMPILATION_CONDITIONS = DEBUG;
				SWIFT_OPTIMIZATION_LEVEL = "-Onone";
			};
			name = Debug;
		};
		7A4B0B7929CC77E1003C3700 /* Release */ = {
			isa = XCBuildConfiguration;
			buildSettings = {
				ALWAYS_SEARCH_USER_PATHS = NO;
				CLANG_ANALYZER_NONNULL = YES;
				CLANG_ANALYZER_NUMBER_OBJECT_CONVERSION = YES_AGGRESSIVE;
				CLANG_CXX_LANGUAGE_STANDARD = "gnu++20";
				CLANG_ENABLE_MODULES = YES;
				CLANG_ENABLE_OBJC_ARC = YES;
				CLANG_ENABLE_OBJC_WEAK = YES;
				CLANG_WARN_BLOCK_CAPTURE_AUTORELEASING = YES;
				CLANG_WARN_BOOL_CONVERSION = YES;
				CLANG_WARN_COMMA = YES;
				CLANG_WARN_CONSTANT_CONVERSION = YES;
				CLANG_WARN_DEPRECATED_OBJC_IMPLEMENTATIONS = YES;
				CLANG_WARN_DIRECT_OBJC_ISA_USAGE = YES_ERROR;
				CLANG_WARN_DOCUMENTATION_COMMENTS = YES;
				CLANG_WARN_EMPTY_BODY = YES;
				CLANG_WARN_ENUM_CONVERSION = YES;
				CLANG_WARN_INFINITE_RECURSION = YES;
				CLANG_WARN_INT_CONVERSION = YES;
				CLANG_WARN_NON_LITERAL_NULL_CONVERSION = YES;
				CLANG_WARN_OBJC_IMPLICIT_RETAIN_SELF = YES;
				CLANG_WARN_OBJC_LITERAL_CONVERSION = YES;
				CLANG_WARN_OBJC_ROOT_CLASS = YES_ERROR;
				CLANG_WARN_QUOTED_INCLUDE_IN_FRAMEWORK_HEADER = YES;
				CLANG_WARN_RANGE_LOOP_ANALYSIS = YES;
				CLANG_WARN_STRICT_PROTOTYPES = YES;
				CLANG_WARN_SUSPICIOUS_MOVE = YES;
				CLANG_WARN_UNGUARDED_AVAILABILITY = YES_AGGRESSIVE;
				CLANG_WARN_UNREACHABLE_CODE = YES;
				CLANG_WARN__DUPLICATE_METHOD_MATCH = YES;
				COPY_PHASE_STRIP = NO;
				DEBUG_INFORMATION_FORMAT = "dwarf-with-dsym";
				ENABLE_NS_ASSERTIONS = NO;
				ENABLE_STRICT_OBJC_MSGSEND = YES;
				GCC_C_LANGUAGE_STANDARD = gnu11;
				GCC_NO_COMMON_BLOCKS = YES;
				GCC_WARN_64_TO_32_BIT_CONVERSION = YES;
				GCC_WARN_ABOUT_RETURN_TYPE = YES_ERROR;
				GCC_WARN_UNDECLARED_SELECTOR = YES;
				GCC_WARN_UNINITIALIZED_AUTOS = YES_AGGRESSIVE;
				GCC_WARN_UNUSED_FUNCTION = YES;
				GCC_WARN_UNUSED_VARIABLE = YES;
				IPHONEOS_DEPLOYMENT_TARGET = 16.2;
				MTL_ENABLE_DEBUG_INFO = NO;
				MTL_FAST_MATH = YES;
				SDKROOT = iphoneos;
				SWIFT_COMPILATION_MODE = wholemodule;
				SWIFT_OPTIMIZATION_LEVEL = "-O";
				VALIDATE_PRODUCT = YES;
			};
			name = Release;
		};
		7A4B0B7B29CC77E1003C3700 /* Debug */ = {
			isa = XCBuildConfiguration;
			buildSettings = {
				ASSETCATALOG_COMPILER_APPICON_NAME = AppIcon;
				ASSETCATALOG_COMPILER_GLOBAL_ACCENT_COLOR_NAME = AccentColor;
				CODE_SIGN_STYLE = Automatic;
				CURRENT_PROJECT_VERSION = 1;
				DEVELOPMENT_ASSET_PATHS = "\"MoviesList/Preview Content\"";
				DEVELOPMENT_TEAM = 2DA8D383L8;
				ENABLE_PREVIEWS = YES;
				GENERATE_INFOPLIST_FILE = YES;
				INFOPLIST_KEY_UIApplicationSceneManifest_Generation = YES;
				INFOPLIST_KEY_UIApplicationSupportsIndirectInputEvents = YES;
				INFOPLIST_KEY_UILaunchScreen_Generation = YES;
				INFOPLIST_KEY_UISupportedInterfaceOrientations_iPad = "UIInterfaceOrientationPortrait UIInterfaceOrientationPortraitUpsideDown UIInterfaceOrientationLandscapeLeft UIInterfaceOrientationLandscapeRight";
				INFOPLIST_KEY_UISupportedInterfaceOrientations_iPhone = "UIInterfaceOrientationPortrait UIInterfaceOrientationLandscapeLeft UIInterfaceOrientationLandscapeRight";
				LD_RUNPATH_SEARCH_PATHS = (
					"$(inherited)",
					"@executable_path/Frameworks",
				);
				MARKETING_VERSION = 1.0;
				PRODUCT_BUNDLE_IDENTIFIER = com.markish.movielist.MoviesList;
				PRODUCT_NAME = "$(TARGET_NAME)";
				SWIFT_EMIT_LOC_STRINGS = YES;
				SWIFT_VERSION = 5.0;
				TARGETED_DEVICE_FAMILY = "1,2";
			};
			name = Debug;
		};
		7A4B0B7C29CC77E1003C3700 /* Release */ = {
			isa = XCBuildConfiguration;
			buildSettings = {
				ASSETCATALOG_COMPILER_APPICON_NAME = AppIcon;
				ASSETCATALOG_COMPILER_GLOBAL_ACCENT_COLOR_NAME = AccentColor;
				CODE_SIGN_STYLE = Automatic;
				CURRENT_PROJECT_VERSION = 1;
				DEVELOPMENT_ASSET_PATHS = "\"MoviesList/Preview Content\"";
				DEVELOPMENT_TEAM = 2DA8D383L8;
				ENABLE_PREVIEWS = YES;
				GENERATE_INFOPLIST_FILE = YES;
				INFOPLIST_KEY_UIApplicationSceneManifest_Generation = YES;
				INFOPLIST_KEY_UIApplicationSupportsIndirectInputEvents = YES;
				INFOPLIST_KEY_UILaunchScreen_Generation = YES;
				INFOPLIST_KEY_UISupportedInterfaceOrientations_iPad = "UIInterfaceOrientationPortrait UIInterfaceOrientationPortraitUpsideDown UIInterfaceOrientationLandscapeLeft UIInterfaceOrientationLandscapeRight";
				INFOPLIST_KEY_UISupportedInterfaceOrientations_iPhone = "UIInterfaceOrientationPortrait UIInterfaceOrientationLandscapeLeft UIInterfaceOrientationLandscapeRight";
				LD_RUNPATH_SEARCH_PATHS = (
					"$(inherited)",
					"@executable_path/Frameworks",
				);
				MARKETING_VERSION = 1.0;
				PRODUCT_BUNDLE_IDENTIFIER = com.markish.movielist.MoviesList;
				PRODUCT_NAME = "$(TARGET_NAME)";
				SWIFT_EMIT_LOC_STRINGS = YES;
				SWIFT_VERSION = 5.0;
				TARGETED_DEVICE_FAMILY = "1,2";
			};
			name = Release;
		};
		7A4B0B7E29CC77E1003C3700 /* Debug */ = {
			isa = XCBuildConfiguration;
			buildSettings = {
				ALWAYS_EMBED_SWIFT_STANDARD_LIBRARIES = YES;
				BUNDLE_LOADER = "$(TEST_HOST)";
				CODE_SIGN_STYLE = Automatic;
				CURRENT_PROJECT_VERSION = 1;
				DEVELOPMENT_TEAM = 2DA8D383L8;
				GENERATE_INFOPLIST_FILE = YES;
				IPHONEOS_DEPLOYMENT_TARGET = 16.2;
				MARKETING_VERSION = 1.0;
				PRODUCT_BUNDLE_IDENTIFIER = com.markish.movielist.MoviesListTests;
				PRODUCT_NAME = "$(TARGET_NAME)";
				SWIFT_EMIT_LOC_STRINGS = NO;
				SWIFT_VERSION = 5.0;
				TARGETED_DEVICE_FAMILY = "1,2";
				TEST_HOST = "$(BUILT_PRODUCTS_DIR)/MoviesList.app/$(BUNDLE_EXECUTABLE_FOLDER_PATH)/MoviesList";
			};
			name = Debug;
		};
		7A4B0B7F29CC77E1003C3700 /* Release */ = {
			isa = XCBuildConfiguration;
			buildSettings = {
				ALWAYS_EMBED_SWIFT_STANDARD_LIBRARIES = YES;
				BUNDLE_LOADER = "$(TEST_HOST)";
				CODE_SIGN_STYLE = Automatic;
				CURRENT_PROJECT_VERSION = 1;
				DEVELOPMENT_TEAM = 2DA8D383L8;
				GENERATE_INFOPLIST_FILE = YES;
				IPHONEOS_DEPLOYMENT_TARGET = 16.2;
				MARKETING_VERSION = 1.0;
				PRODUCT_BUNDLE_IDENTIFIER = com.markish.movielist.MoviesListTests;
				PRODUCT_NAME = "$(TARGET_NAME)";
				SWIFT_EMIT_LOC_STRINGS = NO;
				SWIFT_VERSION = 5.0;
				TARGETED_DEVICE_FAMILY = "1,2";
				TEST_HOST = "$(BUILT_PRODUCTS_DIR)/MoviesList.app/$(BUNDLE_EXECUTABLE_FOLDER_PATH)/MoviesList";
			};
			name = Release;
		};
		7A4B0B8129CC77E1003C3700 /* Debug */ = {
			isa = XCBuildConfiguration;
			buildSettings = {
				ALWAYS_EMBED_SWIFT_STANDARD_LIBRARIES = YES;
				CODE_SIGN_STYLE = Automatic;
				CURRENT_PROJECT_VERSION = 1;
				DEVELOPMENT_TEAM = 2DA8D383L8;
				GENERATE_INFOPLIST_FILE = YES;
				MARKETING_VERSION = 1.0;
				PRODUCT_BUNDLE_IDENTIFIER = com.markish.movielist.MoviesListUITests;
				PRODUCT_NAME = "$(TARGET_NAME)";
				SWIFT_EMIT_LOC_STRINGS = NO;
				SWIFT_VERSION = 5.0;
				TARGETED_DEVICE_FAMILY = "1,2";
				TEST_TARGET_NAME = MoviesList;
			};
			name = Debug;
		};
		7A4B0B8229CC77E1003C3700 /* Release */ = {
			isa = XCBuildConfiguration;
			buildSettings = {
				ALWAYS_EMBED_SWIFT_STANDARD_LIBRARIES = YES;
				CODE_SIGN_STYLE = Automatic;
				CURRENT_PROJECT_VERSION = 1;
				DEVELOPMENT_TEAM = 2DA8D383L8;
				GENERATE_INFOPLIST_FILE = YES;
				MARKETING_VERSION = 1.0;
				PRODUCT_BUNDLE_IDENTIFIER = com.markish.movielist.MoviesListUITests;
				PRODUCT_NAME = "$(TARGET_NAME)";
				SWIFT_EMIT_LOC_STRINGS = NO;
				SWIFT_VERSION = 5.0;
				TARGETED_DEVICE_FAMILY = "1,2";
				TEST_TARGET_NAME = MoviesList;
			};
			name = Release;
		};
/* End XCBuildConfiguration section */

/* Begin XCConfigurationList section */
		7A4B0B4C29CC77DF003C3700 /* Build configuration list for PBXProject "MoviesList" */ = {
			isa = XCConfigurationList;
			buildConfigurations = (
				7A4B0B7829CC77E1003C3700 /* Debug */,
				7A4B0B7929CC77E1003C3700 /* Release */,
			);
			defaultConfigurationIsVisible = 0;
			defaultConfigurationName = Release;
		};
		7A4B0B7A29CC77E1003C3700 /* Build configuration list for PBXNativeTarget "MoviesList" */ = {
			isa = XCConfigurationList;
			buildConfigurations = (
				7A4B0B7B29CC77E1003C3700 /* Debug */,
				7A4B0B7C29CC77E1003C3700 /* Release */,
			);
			defaultConfigurationIsVisible = 0;
			defaultConfigurationName = Release;
		};
		7A4B0B7D29CC77E1003C3700 /* Build configuration list for PBXNativeTarget "MoviesListTests" */ = {
			isa = XCConfigurationList;
			buildConfigurations = (
				7A4B0B7E29CC77E1003C3700 /* Debug */,
				7A4B0B7F29CC77E1003C3700 /* Release */,
			);
			defaultConfigurationIsVisible = 0;
			defaultConfigurationName = Release;
		};
		7A4B0B8029CC77E1003C3700 /* Build configuration list for PBXNativeTarget "MoviesListUITests" */ = {
			isa = XCConfigurationList;
			buildConfigurations = (
				7A4B0B8129CC77E1003C3700 /* Debug */,
				7A4B0B8229CC77E1003C3700 /* Release */,
			);
			defaultConfigurationIsVisible = 0;
			defaultConfigurationName = Release;
		};
/* End XCConfigurationList section */

/* Begin XCRemoteSwiftPackageReference section */
		7AD3124229D44170002B6253 /* XCRemoteSwiftPackageReference "KeychainAccess" */ = {
			isa = XCRemoteSwiftPackageReference;
			repositoryURL = "https://github.com/kishikawakatsumi/KeychainAccess.git";
			requirement = {
				branch = master;
				kind = branch;
			};
		};
/* End XCRemoteSwiftPackageReference section */

/* Begin XCSwiftPackageProductDependency section */
		7AD3123E29D43C17002B6253 /* Data */ = {
			isa = XCSwiftPackageProductDependency;
			productName = Data;
		};
		7AD3124029D43C17002B6253 /* Domain */ = {
			isa = XCSwiftPackageProductDependency;
			productName = Domain;
		};
		7AD3124329D44170002B6253 /* KeychainAccess */ = {
			isa = XCSwiftPackageProductDependency;
			package = 7AD3124229D44170002B6253 /* XCRemoteSwiftPackageReference "KeychainAccess" */;
			productName = KeychainAccess;
		};
/* End XCSwiftPackageProductDependency section */

/* Begin XCVersionGroup section */
		7A4B0B5F29CC77E1003C3700 /* MoviesList.xcdatamodeld */ = {
			isa = XCVersionGroup;
			children = (
				7A4B0B6029CC77E1003C3700 /* MoviesList.xcdatamodel */,
			);
			currentVersion = 7A4B0B6029CC77E1003C3700 /* MoviesList.xcdatamodel */;
			path = MoviesList.xcdatamodeld;
			sourceTree = "<group>";
			versionGroupType = wrapper.xcdatamodel;
		};
/* End XCVersionGroup section */
	};
	rootObject = 7A4B0B4929CC77DF003C3700 /* Project object */;
}
