// !$*UTF8*$!
{
	archiveVersion = 1;
	classes = {
	};
	objectVersion = 56;
	objects = {

/* Begin PBXBuildFile section */
		7A4B0B5529CC77DF003C3700 /* MoviesListApp.swift in Sources */ = {isa = PBXBuildFile; fileRef = 7A4B0B5429CC77DF003C3700 /* MoviesListApp.swift */; };
		7A4B0B5929CC77E1003C3700 /* Images.xcassets in Resources */ = {isa = PBXBuildFile; fileRef = 7A4B0B5829CC77E1003C3700 /* Images.xcassets */; };
		7A4B0B5C29CC77E1003C3700 /* Preview Assets.xcassets in Resources */ = {isa = PBXBuildFile; fileRef = 7A4B0B5B29CC77E1003C3700 /* Preview Assets.xcassets */; };
		7A4B0B5E29CC77E1003C3700 /* Persistence.swift in Sources */ = {isa = PBXBuildFile; fileRef = 7A4B0B5D29CC77E1003C3700 /* Persistence.swift */; };
		7A4B0B6129CC77E1003C3700 /* MoviesList.xcdatamodeld in Sources */ = {isa = PBXBuildFile; fileRef = 7A4B0B5F29CC77E1003C3700 /* MoviesList.xcdatamodeld */; };
		7A4B0B6B29CC77E1003C3700 /* MoviesListTests.swift in Sources */ = {isa = PBXBuildFile; fileRef = 7A4B0B6A29CC77E1003C3700 /* MoviesListTests.swift */; };
		7A4B0B7529CC77E1003C3700 /* MoviesListUITests.swift in Sources */ = {isa = PBXBuildFile; fileRef = 7A4B0B7429CC77E1003C3700 /* MoviesListUITests.swift */; };
		7A4B0B7729CC77E1003C3700 /* MoviesListUITestsLaunchTests.swift in Sources */ = {isa = PBXBuildFile; fileRef = 7A4B0B7629CC77E1003C3700 /* MoviesListUITestsLaunchTests.swift */; };
		7A4B0B8829CC7C00003C3700 /* Localizable.strings in Resources */ = {isa = PBXBuildFile; fileRef = 7A4B0B8A29CC7C00003C3700 /* Localizable.strings */; };
		7A4B0B9629CC8245003C3700 /* Colors.xcassets in Resources */ = {isa = PBXBuildFile; fileRef = 7A4B0B9529CC8245003C3700 /* Colors.xcassets */; };
		7A4B0B9929CC8278003C3700 /* Strings.swift in Sources */ = {isa = PBXBuildFile; fileRef = 7A4B0B9729CC8278003C3700 /* Strings.swift */; };
		7A4B0B9A29CC8278003C3700 /* XCAssets+Generated.swift in Sources */ = {isa = PBXBuildFile; fileRef = 7A4B0B9829CC8278003C3700 /* XCAssets+Generated.swift */; };
		7A55CDDF2A2F1754007BD4F7 /* AppDIConatiner.swift in Sources */ = {isa = PBXBuildFile; fileRef = 7A55CDDE2A2F1754007BD4F7 /* AppDIConatiner.swift */; };
		7A55CDE12A2F1A7B007BD4F7 /* MLSelector.swift in Sources */ = {isa = PBXBuildFile; fileRef = 7A55CDE02A2F1A7B007BD4F7 /* MLSelector.swift */; };
		7A55CDE52A2F2365007BD4F7 /* MovieDetailView.swift in Sources */ = {isa = PBXBuildFile; fileRef = 7A55CDE42A2F2365007BD4F7 /* MovieDetailView.swift */; };
		7A55CDE72A2F2379007BD4F7 /* MovieDetailViewModel.swift in Sources */ = {isa = PBXBuildFile; fileRef = 7A55CDE62A2F2379007BD4F7 /* MovieDetailViewModel.swift */; };
		7A55CDE92A2F25D9007BD4F7 /* TextButtonStyle.swift in Sources */ = {isa = PBXBuildFile; fileRef = 7A55CDE82A2F25D9007BD4F7 /* TextButtonStyle.swift */; };
		7A55CDEB2A2F28E8007BD4F7 /* IconModifier.swift in Sources */ = {isa = PBXBuildFile; fileRef = 7A55CDEA2A2F28E8007BD4F7 /* IconModifier.swift */; };
		7AAF28572A2FBE350098F92A /* ProfileViewModel.swift in Sources */ = {isa = PBXBuildFile; fileRef = 7AAF28562A2FBE350098F92A /* ProfileViewModel.swift */; };
		7AAF28592A2FBE400098F92A /* ProfileView.swift in Sources */ = {isa = PBXBuildFile; fileRef = 7AAF28582A2FBE400098F92A /* ProfileView.swift */; };
		7AAF285B2A2FC3910098F92A /* MovieListCell.swift in Sources */ = {isa = PBXBuildFile; fileRef = 7AAF285A2A2FC3910098F92A /* MovieListCell.swift */; };
		7AB1670929D5B37900AD80CA /* AppCoordinatorImpl.swift in Sources */ = {isa = PBXBuildFile; fileRef = 7AB1670829D5B37900AD80CA /* AppCoordinatorImpl.swift */; };
		7AB1670B29D5B4B700AD80CA /* RootPath.swift in Sources */ = {isa = PBXBuildFile; fileRef = 7AB1670A29D5B4B700AD80CA /* RootPath.swift */; };
		7AB1670D29D5B53200AD80CA /* AuthorizationPath.swift in Sources */ = {isa = PBXBuildFile; fileRef = 7AB1670C29D5B53200AD80CA /* AuthorizationPath.swift */; };
		7AB1671029D5BA8300AD80CA /* AppPath.swift in Sources */ = {isa = PBXBuildFile; fileRef = 7AB1670F29D5BA8300AD80CA /* AppPath.swift */; };
		7AB3CAA829DAE8DD00248E52 /* UserAvatarViewModel.swift in Sources */ = {isa = PBXBuildFile; fileRef = 7AB3CAA729DAE8DD00248E52 /* UserAvatarViewModel.swift */; };
		7AB3CAAB29DAE90800248E52 /* UserAvatarView.swift in Sources */ = {isa = PBXBuildFile; fileRef = 7AB3CAAA29DAE90800248E52 /* UserAvatarView.swift */; };
		7AB3CAAE29DAEA2E00248E52 /* LinearGradient+Extensions.swift in Sources */ = {isa = PBXBuildFile; fileRef = 7AB3CAAD29DAEA2E00248E52 /* LinearGradient+Extensions.swift */; };
		7AB3CAB029DAF42500248E52 /* Image+Extension.swift in Sources */ = {isa = PBXBuildFile; fileRef = 7AB3CAAF29DAF42500248E52 /* Image+Extension.swift */; };
		7AB3CAB229DAFB8300248E52 /* GradientButtonStyle.swift in Sources */ = {isa = PBXBuildFile; fileRef = 7AB3CAB129DAFB8300248E52 /* GradientButtonStyle.swift */; };
		7AB4040029E04CBC00C346E7 /* OTPTextField.swift in Sources */ = {isa = PBXBuildFile; fileRef = 7AB403FF29E04CBC00C346E7 /* OTPTextField.swift */; };
		7AB562B62A30C0D800AB1E16 /* SearchView.swift in Sources */ = {isa = PBXBuildFile; fileRef = 7AB562B52A30C0D800AB1E16 /* SearchView.swift */; };
		7AB562B82A30C0E500AB1E16 /* SearchViewModel.swift in Sources */ = {isa = PBXBuildFile; fileRef = 7AB562B72A30C0E500AB1E16 /* SearchViewModel.swift */; };
		7AB562BB2A30C15100AB1E16 /* NotesView.swift in Sources */ = {isa = PBXBuildFile; fileRef = 7AB562BA2A30C15100AB1E16 /* NotesView.swift */; };
		7AB562BD2A30C15D00AB1E16 /* NotesViewModel.swift in Sources */ = {isa = PBXBuildFile; fileRef = 7AB562BC2A30C15D00AB1E16 /* NotesViewModel.swift */; };
		7AC1F18329DD9E8700DECEC6 /* CustomTextStyle.swift in Sources */ = {isa = PBXBuildFile; fileRef = 7AC1F18229DD9E8700DECEC6 /* CustomTextStyle.swift */; };
		7AC1F18529DDA04200DECEC6 /* CaptionButtonStyle.swift in Sources */ = {isa = PBXBuildFile; fileRef = 7AC1F18429DDA04200DECEC6 /* CaptionButtonStyle.swift */; };
		7AC1F18929DDA81D00DECEC6 /* SignUpView.swift in Sources */ = {isa = PBXBuildFile; fileRef = 7AC1F18829DDA81D00DECEC6 /* SignUpView.swift */; };
		7AC1F18B29DDA82C00DECEC6 /* SignUpViewModel.swift in Sources */ = {isa = PBXBuildFile; fileRef = 7AC1F18A29DDA82C00DECEC6 /* SignUpViewModel.swift */; };
		7AC1F18E29DDBC6100DECEC6 /* NewPasswordView.swift in Sources */ = {isa = PBXBuildFile; fileRef = 7AC1F18D29DDBC6100DECEC6 /* NewPasswordView.swift */; };
		7AC1F19029DDBC7100DECEC6 /* NewPasswordViewModel.swift in Sources */ = {isa = PBXBuildFile; fileRef = 7AC1F18F29DDBC7100DECEC6 /* NewPasswordViewModel.swift */; };
		7AC1F19329DDC15200DECEC6 /* ResetPasswordView.swift in Sources */ = {isa = PBXBuildFile; fileRef = 7AC1F19229DDC15200DECEC6 /* ResetPasswordView.swift */; };
		7AC1F19529DDC17C00DECEC6 /* ResetPasswordViewModel.swift in Sources */ = {isa = PBXBuildFile; fileRef = 7AC1F19429DDC17C00DECEC6 /* ResetPasswordViewModel.swift */; };
		7AC1F19729DDC69100DECEC6 /* IconButtonStyle.swift in Sources */ = {isa = PBXBuildFile; fileRef = 7AC1F19629DDC69100DECEC6 /* IconButtonStyle.swift */; };
		7ACC03F529DC456200D53748 /* Validation.swift in Sources */ = {isa = PBXBuildFile; fileRef = 7ACC03F429DC456200D53748 /* Validation.swift */; };
		7ACC03F729DC4C7100D53748 /* Publisher+Extensions.swift in Sources */ = {isa = PBXBuildFile; fileRef = 7ACC03F629DC4C7100D53748 /* Publisher+Extensions.swift */; };
		7ACC03F929DC513000D53748 /* AnyTransition+Extensions.swift in Sources */ = {isa = PBXBuildFile; fileRef = 7ACC03F829DC513000D53748 /* AnyTransition+Extensions.swift */; };
		7AD0253F29DC1F98000A0654 /* SecureTextField.swift in Sources */ = {isa = PBXBuildFile; fileRef = 7AD0253E29DC1F98000A0654 /* SecureTextField.swift */; };
		7AD3123F29D43C17002B6253 /* Data in Frameworks */ = {isa = PBXBuildFile; productRef = 7AD3123E29D43C17002B6253 /* Data */; };
		7AD3124129D43C17002B6253 /* Domain in Frameworks */ = {isa = PBXBuildFile; productRef = 7AD3124029D43C17002B6253 /* Domain */; };
		7AD3124429D44170002B6253 /* KeychainAccess in Frameworks */ = {isa = PBXBuildFile; productRef = 7AD3124329D44170002B6253 /* KeychainAccess */; };
		7AD5A1BD29DD5EDA00AF8D81 /* Rubik-SemiBold.ttf in Resources */ = {isa = PBXBuildFile; fileRef = 7AD5A1AF29DD5ED900AF8D81 /* Rubik-SemiBold.ttf */; };
		7AD5A1BE29DD5EDA00AF8D81 /* Rubik-Medium.ttf in Resources */ = {isa = PBXBuildFile; fileRef = 7AD5A1B029DD5EDA00AF8D81 /* Rubik-Medium.ttf */; };
		7AD5A1BF29DD5EDA00AF8D81 /* Rubik-ExtraBold.ttf in Resources */ = {isa = PBXBuildFile; fileRef = 7AD5A1B129DD5EDA00AF8D81 /* Rubik-ExtraBold.ttf */; };
		7AD5A1C329DD5EDA00AF8D81 /* Rubik-Bold.ttf in Resources */ = {isa = PBXBuildFile; fileRef = 7AD5A1B529DD5EDA00AF8D81 /* Rubik-Bold.ttf */; };
		7AD5A1C529DD5EDA00AF8D81 /* Rubik-Black.ttf in Resources */ = {isa = PBXBuildFile; fileRef = 7AD5A1B729DD5EDA00AF8D81 /* Rubik-Black.ttf */; };
		7AD5A1C729DD5EDA00AF8D81 /* Rubik-Regular.ttf in Resources */ = {isa = PBXBuildFile; fileRef = 7AD5A1B929DD5EDA00AF8D81 /* Rubik-Regular.ttf */; };
		7AD5A1CB29DD607E00AF8D81 /* Font+Extensions.swift in Sources */ = {isa = PBXBuildFile; fileRef = 7AD5A1CA29DD607E00AF8D81 /* Font+Extensions.swift */; };
		7AD9264129DEC079005A80C5 /* FavoriteGenreView.swift in Sources */ = {isa = PBXBuildFile; fileRef = 7AD9264029DEC079005A80C5 /* FavoriteGenreView.swift */; };
		7AD9264329DEC08A005A80C5 /* FavoriteGenreViewModel.swift in Sources */ = {isa = PBXBuildFile; fileRef = 7AD9264229DEC08A005A80C5 /* FavoriteGenreViewModel.swift */; };
		7AD9264529DED7C7005A80C5 /* TagFlowLayout.swift in Sources */ = {isa = PBXBuildFile; fileRef = 7AD9264429DED7C7005A80C5 /* TagFlowLayout.swift */; };
		7AD9264A29DEF8CC005A80C5 /* UseCasesDI.swift in Sources */ = {isa = PBXBuildFile; fileRef = 7AD9264929DEF8CC005A80C5 /* UseCasesDI.swift */; };
		7AD9264C29DEFE22005A80C5 /* AuthorizationDI.swift in Sources */ = {isa = PBXBuildFile; fileRef = 7AD9264B29DEFE22005A80C5 /* AuthorizationDI.swift */; };
		7AD9264F29DF066F005A80C5 /* OTPViewModel.swift in Sources */ = {isa = PBXBuildFile; fileRef = 7AD9264E29DF066F005A80C5 /* OTPViewModel.swift */; };
		7AD9265129DF068F005A80C5 /* OTPView.swift in Sources */ = {isa = PBXBuildFile; fileRef = 7AD9265029DF068F005A80C5 /* OTPView.swift */; };
		7AD9265329DF0C7D005A80C5 /* AuthorizationNavigationView.swift in Sources */ = {isa = PBXBuildFile; fileRef = 7AD9265229DF0C7D005A80C5 /* AuthorizationNavigationView.swift */; };
		7AD9265529DF0F99005A80C5 /* RootView.swift in Sources */ = {isa = PBXBuildFile; fileRef = 7AD9265429DF0F99005A80C5 /* RootView.swift */; };
		7ADE8C0129E41F06009FCC55 /* BackgroundVContainer.swift in Sources */ = {isa = PBXBuildFile; fileRef = 7ADE8C0029E41F06009FCC55 /* BackgroundVContainer.swift */; };
		7ADE995C29FBEB3F00D6A20F /* HomeView.swift in Sources */ = {isa = PBXBuildFile; fileRef = 7ADE995B29FBEB3F00D6A20F /* HomeView.swift */; };
		7ADE995E29FBEB4D00D6A20F /* HomeViewModel.swift in Sources */ = {isa = PBXBuildFile; fileRef = 7ADE995D29FBEB4D00D6A20F /* HomeViewModel.swift */; };
		7ADE996029FBECA100D6A20F /* MovieCellView.swift in Sources */ = {isa = PBXBuildFile; fileRef = 7ADE995F29FBECA100D6A20F /* MovieCellView.swift */; };
		7ADE996229FBED0000D6A20F /* View+Extensions.swift in Sources */ = {isa = PBXBuildFile; fileRef = 7ADE996129FBED0000D6A20F /* View+Extensions.swift */; };
		7AE1150F29DAB6FA00DEADDC /* String+Extensions.swift in Sources */ = {isa = PBXBuildFile; fileRef = 7AE1150E29DAB6FA00DEADDC /* String+Extensions.swift */; };
		7AE1151129DABA5100DEADDC /* APIError+Localized.swift in Sources */ = {isa = PBXBuildFile; fileRef = 7AE1151029DABA5100DEADDC /* APIError+Localized.swift */; };
		7AECEA2429D1B96C004129AA /* CustomizedTextField.swift in Sources */ = {isa = PBXBuildFile; fileRef = 7AECEA2329D1B96C004129AA /* CustomizedTextField.swift */; };
		7AECEA2A29D1C09A004129AA /* Assets+SwiftUI.swift in Sources */ = {isa = PBXBuildFile; fileRef = 7AECEA2929D1C09A004129AA /* Assets+SwiftUI.swift */; };
		7AECEA2C29D1C545004129AA /* LoginView.swift in Sources */ = {isa = PBXBuildFile; fileRef = 7AECEA2B29D1C545004129AA /* LoginView.swift */; };
		7AECEA2F29D1C577004129AA /* LoginViewModel.swift in Sources */ = {isa = PBXBuildFile; fileRef = 7AECEA2E29D1C577004129AA /* LoginViewModel.swift */; };
/* End PBXBuildFile section */

/* Begin PBXContainerItemProxy section */
		7A4B0B6729CC77E1003C3700 /* PBXContainerItemProxy */ = {
			isa = PBXContainerItemProxy;
			containerPortal = 7A4B0B4929CC77DF003C3700 /* Project object */;
			proxyType = 1;
			remoteGlobalIDString = 7A4B0B5029CC77DF003C3700;
			remoteInfo = MoviesList;
		};
		7A4B0B7129CC77E1003C3700 /* PBXContainerItemProxy */ = {
			isa = PBXContainerItemProxy;
			containerPortal = 7A4B0B4929CC77DF003C3700 /* Project object */;
			proxyType = 1;
			remoteGlobalIDString = 7A4B0B5029CC77DF003C3700;
			remoteInfo = MoviesList;
		};
/* End PBXContainerItemProxy section */

/* Begin PBXFileReference section */
		7A4B0B5129CC77DF003C3700 /* MoviesList.app */ = {isa = PBXFileReference; explicitFileType = wrapper.application; includeInIndex = 0; path = MoviesList.app; sourceTree = BUILT_PRODUCTS_DIR; };
		7A4B0B5429CC77DF003C3700 /* MoviesListApp.swift */ = {isa = PBXFileReference; lastKnownFileType = sourcecode.swift; path = MoviesListApp.swift; sourceTree = "<group>"; };
		7A4B0B5829CC77E1003C3700 /* Images.xcassets */ = {isa = PBXFileReference; lastKnownFileType = folder.assetcatalog; path = Images.xcassets; sourceTree = "<group>"; };
		7A4B0B5B29CC77E1003C3700 /* Preview Assets.xcassets */ = {isa = PBXFileReference; lastKnownFileType = folder.assetcatalog; path = "Preview Assets.xcassets"; sourceTree = "<group>"; };
		7A4B0B5D29CC77E1003C3700 /* Persistence.swift */ = {isa = PBXFileReference; lastKnownFileType = sourcecode.swift; path = Persistence.swift; sourceTree = "<group>"; };
		7A4B0B6029CC77E1003C3700 /* MoviesList.xcdatamodel */ = {isa = PBXFileReference; lastKnownFileType = wrapper.xcdatamodel; path = MoviesList.xcdatamodel; sourceTree = "<group>"; };
		7A4B0B6629CC77E1003C3700 /* MoviesListTests.xctest */ = {isa = PBXFileReference; explicitFileType = wrapper.cfbundle; includeInIndex = 0; path = MoviesListTests.xctest; sourceTree = BUILT_PRODUCTS_DIR; };
		7A4B0B6A29CC77E1003C3700 /* MoviesListTests.swift */ = {isa = PBXFileReference; lastKnownFileType = sourcecode.swift; path = MoviesListTests.swift; sourceTree = "<group>"; };
		7A4B0B7029CC77E1003C3700 /* MoviesListUITests.xctest */ = {isa = PBXFileReference; explicitFileType = wrapper.cfbundle; includeInIndex = 0; path = MoviesListUITests.xctest; sourceTree = BUILT_PRODUCTS_DIR; };
		7A4B0B7429CC77E1003C3700 /* MoviesListUITests.swift */ = {isa = PBXFileReference; lastKnownFileType = sourcecode.swift; path = MoviesListUITests.swift; sourceTree = "<group>"; };
		7A4B0B7629CC77E1003C3700 /* MoviesListUITestsLaunchTests.swift */ = {isa = PBXFileReference; lastKnownFileType = sourcecode.swift; path = MoviesListUITestsLaunchTests.swift; sourceTree = "<group>"; };
		7A4B0B8929CC7C00003C3700 /* en */ = {isa = PBXFileReference; lastKnownFileType = text.plist.strings; name = en; path = en.lproj/Localizable.strings; sourceTree = "<group>"; };
		7A4B0B8B29CC7C07003C3700 /* ru */ = {isa = PBXFileReference; lastKnownFileType = text.plist.strings; name = ru; path = ru.lproj/Localizable.strings; sourceTree = "<group>"; };
		7A4B0B9529CC8245003C3700 /* Colors.xcassets */ = {isa = PBXFileReference; lastKnownFileType = folder.assetcatalog; path = Colors.xcassets; sourceTree = "<group>"; };
		7A4B0B9729CC8278003C3700 /* Strings.swift */ = {isa = PBXFileReference; fileEncoding = 4; lastKnownFileType = sourcecode.swift; path = Strings.swift; sourceTree = "<group>"; };
		7A4B0B9829CC8278003C3700 /* XCAssets+Generated.swift */ = {isa = PBXFileReference; fileEncoding = 4; lastKnownFileType = sourcecode.swift; path = "XCAssets+Generated.swift"; sourceTree = "<group>"; };
		7A55CDDE2A2F1754007BD4F7 /* AppDIConatiner.swift */ = {isa = PBXFileReference; fileEncoding = 4; lastKnownFileType = sourcecode.swift; path = AppDIConatiner.swift; sourceTree = "<group>"; };
		7A55CDE02A2F1A7B007BD4F7 /* MLSelector.swift */ = {isa = PBXFileReference; lastKnownFileType = sourcecode.swift; path = MLSelector.swift; sourceTree = "<group>"; };
		7A55CDE42A2F2365007BD4F7 /* MovieDetailView.swift */ = {isa = PBXFileReference; lastKnownFileType = sourcecode.swift; path = MovieDetailView.swift; sourceTree = "<group>"; };
		7A55CDE62A2F2379007BD4F7 /* MovieDetailViewModel.swift */ = {isa = PBXFileReference; lastKnownFileType = sourcecode.swift; path = MovieDetailViewModel.swift; sourceTree = "<group>"; };
		7A55CDE82A2F25D9007BD4F7 /* TextButtonStyle.swift */ = {isa = PBXFileReference; lastKnownFileType = sourcecode.swift; path = TextButtonStyle.swift; sourceTree = "<group>"; };
		7A55CDEA2A2F28E8007BD4F7 /* IconModifier.swift */ = {isa = PBXFileReference; lastKnownFileType = sourcecode.swift; path = IconModifier.swift; sourceTree = "<group>"; };
		7AAF28562A2FBE350098F92A /* ProfileViewModel.swift */ = {isa = PBXFileReference; lastKnownFileType = sourcecode.swift; path = ProfileViewModel.swift; sourceTree = "<group>"; };
		7AAF28582A2FBE400098F92A /* ProfileView.swift */ = {isa = PBXFileReference; lastKnownFileType = sourcecode.swift; path = ProfileView.swift; sourceTree = "<group>"; };
		7AAF285A2A2FC3910098F92A /* MovieListCell.swift */ = {isa = PBXFileReference; lastKnownFileType = sourcecode.swift; path = MovieListCell.swift; sourceTree = "<group>"; };
		7AB1670829D5B37900AD80CA /* AppCoordinatorImpl.swift */ = {isa = PBXFileReference; lastKnownFileType = sourcecode.swift; path = AppCoordinatorImpl.swift; sourceTree = "<group>"; };
		7AB1670A29D5B4B700AD80CA /* RootPath.swift */ = {isa = PBXFileReference; lastKnownFileType = sourcecode.swift; path = RootPath.swift; sourceTree = "<group>"; };
		7AB1670C29D5B53200AD80CA /* AuthorizationPath.swift */ = {isa = PBXFileReference; lastKnownFileType = sourcecode.swift; path = AuthorizationPath.swift; sourceTree = "<group>"; };
		7AB1670F29D5BA8300AD80CA /* AppPath.swift */ = {isa = PBXFileReference; lastKnownFileType = sourcecode.swift; path = AppPath.swift; sourceTree = "<group>"; };
		7AB3CAA729DAE8DD00248E52 /* UserAvatarViewModel.swift */ = {isa = PBXFileReference; lastKnownFileType = sourcecode.swift; path = UserAvatarViewModel.swift; sourceTree = "<group>"; };
		7AB3CAAA29DAE90800248E52 /* UserAvatarView.swift */ = {isa = PBXFileReference; lastKnownFileType = sourcecode.swift; path = UserAvatarView.swift; sourceTree = "<group>"; };
		7AB3CAAD29DAEA2E00248E52 /* LinearGradient+Extensions.swift */ = {isa = PBXFileReference; lastKnownFileType = sourcecode.swift; path = "LinearGradient+Extensions.swift"; sourceTree = "<group>"; };
		7AB3CAAF29DAF42500248E52 /* Image+Extension.swift */ = {isa = PBXFileReference; lastKnownFileType = sourcecode.swift; path = "Image+Extension.swift"; sourceTree = "<group>"; };
		7AB3CAB129DAFB8300248E52 /* GradientButtonStyle.swift */ = {isa = PBXFileReference; lastKnownFileType = sourcecode.swift; path = GradientButtonStyle.swift; sourceTree = "<group>"; };
		7AB403FF29E04CBC00C346E7 /* OTPTextField.swift */ = {isa = PBXFileReference; lastKnownFileType = sourcecode.swift; path = OTPTextField.swift; sourceTree = "<group>"; };
		7AB562B52A30C0D800AB1E16 /* SearchView.swift */ = {isa = PBXFileReference; lastKnownFileType = sourcecode.swift; path = SearchView.swift; sourceTree = "<group>"; };
		7AB562B72A30C0E500AB1E16 /* SearchViewModel.swift */ = {isa = PBXFileReference; lastKnownFileType = sourcecode.swift; path = SearchViewModel.swift; sourceTree = "<group>"; };
		7AB562BA2A30C15100AB1E16 /* NotesView.swift */ = {isa = PBXFileReference; lastKnownFileType = sourcecode.swift; path = NotesView.swift; sourceTree = "<group>"; };
		7AB562BC2A30C15D00AB1E16 /* NotesViewModel.swift */ = {isa = PBXFileReference; lastKnownFileType = sourcecode.swift; path = NotesViewModel.swift; sourceTree = "<group>"; };
		7AC1F18229DD9E8700DECEC6 /* CustomTextStyle.swift */ = {isa = PBXFileReference; lastKnownFileType = sourcecode.swift; path = CustomTextStyle.swift; sourceTree = "<group>"; };
		7AC1F18429DDA04200DECEC6 /* CaptionButtonStyle.swift */ = {isa = PBXFileReference; lastKnownFileType = sourcecode.swift; path = CaptionButtonStyle.swift; sourceTree = "<group>"; };
		7AC1F18829DDA81D00DECEC6 /* SignUpView.swift */ = {isa = PBXFileReference; lastKnownFileType = sourcecode.swift; path = SignUpView.swift; sourceTree = "<group>"; };
		7AC1F18A29DDA82C00DECEC6 /* SignUpViewModel.swift */ = {isa = PBXFileReference; lastKnownFileType = sourcecode.swift; path = SignUpViewModel.swift; sourceTree = "<group>"; };
		7AC1F18D29DDBC6100DECEC6 /* NewPasswordView.swift */ = {isa = PBXFileReference; lastKnownFileType = sourcecode.swift; path = NewPasswordView.swift; sourceTree = "<group>"; };
		7AC1F18F29DDBC7100DECEC6 /* NewPasswordViewModel.swift */ = {isa = PBXFileReference; lastKnownFileType = sourcecode.swift; path = NewPasswordViewModel.swift; sourceTree = "<group>"; };
		7AC1F19229DDC15200DECEC6 /* ResetPasswordView.swift */ = {isa = PBXFileReference; lastKnownFileType = sourcecode.swift; path = ResetPasswordView.swift; sourceTree = "<group>"; };
		7AC1F19429DDC17C00DECEC6 /* ResetPasswordViewModel.swift */ = {isa = PBXFileReference; lastKnownFileType = sourcecode.swift; path = ResetPasswordViewModel.swift; sourceTree = "<group>"; };
		7AC1F19629DDC69100DECEC6 /* IconButtonStyle.swift */ = {isa = PBXFileReference; lastKnownFileType = sourcecode.swift; path = IconButtonStyle.swift; sourceTree = "<group>"; };
		7ACC03F429DC456200D53748 /* Validation.swift */ = {isa = PBXFileReference; lastKnownFileType = sourcecode.swift; path = Validation.swift; sourceTree = "<group>"; };
		7ACC03F629DC4C7100D53748 /* Publisher+Extensions.swift */ = {isa = PBXFileReference; lastKnownFileType = sourcecode.swift; path = "Publisher+Extensions.swift"; sourceTree = "<group>"; };
		7ACC03F829DC513000D53748 /* AnyTransition+Extensions.swift */ = {isa = PBXFileReference; lastKnownFileType = sourcecode.swift; path = "AnyTransition+Extensions.swift"; sourceTree = "<group>"; };
		7AD0253E29DC1F98000A0654 /* SecureTextField.swift */ = {isa = PBXFileReference; lastKnownFileType = sourcecode.swift; path = SecureTextField.swift; sourceTree = "<group>"; };
		7AD3123B29D43AB9002B6253 /* Data */ = {isa = PBXFileReference; lastKnownFileType = wrapper; path = Data; sourceTree = "<group>"; };
		7AD3123C29D43BCD002B6253 /* Domain */ = {isa = PBXFileReference; lastKnownFileType = wrapper; path = Domain; sourceTree = "<group>"; };
		7AD5A1AF29DD5ED900AF8D81 /* Rubik-SemiBold.ttf */ = {isa = PBXFileReference; lastKnownFileType = file; path = "Rubik-SemiBold.ttf"; sourceTree = "<group>"; };
		7AD5A1B029DD5EDA00AF8D81 /* Rubik-Medium.ttf */ = {isa = PBXFileReference; lastKnownFileType = file; path = "Rubik-Medium.ttf"; sourceTree = "<group>"; };
		7AD5A1B129DD5EDA00AF8D81 /* Rubik-ExtraBold.ttf */ = {isa = PBXFileReference; lastKnownFileType = file; path = "Rubik-ExtraBold.ttf"; sourceTree = "<group>"; };
		7AD5A1B529DD5EDA00AF8D81 /* Rubik-Bold.ttf */ = {isa = PBXFileReference; lastKnownFileType = file; path = "Rubik-Bold.ttf"; sourceTree = "<group>"; };
		7AD5A1B729DD5EDA00AF8D81 /* Rubik-Black.ttf */ = {isa = PBXFileReference; lastKnownFileType = file; path = "Rubik-Black.ttf"; sourceTree = "<group>"; };
		7AD5A1B929DD5EDA00AF8D81 /* Rubik-Regular.ttf */ = {isa = PBXFileReference; lastKnownFileType = file; path = "Rubik-Regular.ttf"; sourceTree = "<group>"; };
		7AD5A1CA29DD607E00AF8D81 /* Font+Extensions.swift */ = {isa = PBXFileReference; lastKnownFileType = sourcecode.swift; path = "Font+Extensions.swift"; sourceTree = "<group>"; };
		7AD6FD5C29D729F700080966 /* Info.plist */ = {isa = PBXFileReference; lastKnownFileType = text.plist; path = Info.plist; sourceTree = "<group>"; };
		7AD9264029DEC079005A80C5 /* FavoriteGenreView.swift */ = {isa = PBXFileReference; lastKnownFileType = sourcecode.swift; path = FavoriteGenreView.swift; sourceTree = "<group>"; };
		7AD9264229DEC08A005A80C5 /* FavoriteGenreViewModel.swift */ = {isa = PBXFileReference; lastKnownFileType = sourcecode.swift; path = FavoriteGenreViewModel.swift; sourceTree = "<group>"; };
		7AD9264429DED7C7005A80C5 /* TagFlowLayout.swift */ = {isa = PBXFileReference; lastKnownFileType = sourcecode.swift; path = TagFlowLayout.swift; sourceTree = "<group>"; };
		7AD9264929DEF8CC005A80C5 /* UseCasesDI.swift */ = {isa = PBXFileReference; lastKnownFileType = sourcecode.swift; path = UseCasesDI.swift; sourceTree = "<group>"; };
		7AD9264B29DEFE22005A80C5 /* AuthorizationDI.swift */ = {isa = PBXFileReference; lastKnownFileType = sourcecode.swift; path = AuthorizationDI.swift; sourceTree = "<group>"; };
		7AD9264E29DF066F005A80C5 /* OTPViewModel.swift */ = {isa = PBXFileReference; lastKnownFileType = sourcecode.swift; path = OTPViewModel.swift; sourceTree = "<group>"; };
		7AD9265029DF068F005A80C5 /* OTPView.swift */ = {isa = PBXFileReference; lastKnownFileType = sourcecode.swift; path = OTPView.swift; sourceTree = "<group>"; };
		7AD9265229DF0C7D005A80C5 /* AuthorizationNavigationView.swift */ = {isa = PBXFileReference; lastKnownFileType = sourcecode.swift; path = AuthorizationNavigationView.swift; sourceTree = "<group>"; };
		7AD9265429DF0F99005A80C5 /* RootView.swift */ = {isa = PBXFileReference; lastKnownFileType = sourcecode.swift; path = RootView.swift; sourceTree = "<group>"; };
		7ADE8C0029E41F06009FCC55 /* BackgroundVContainer.swift */ = {isa = PBXFileReference; lastKnownFileType = sourcecode.swift; path = BackgroundVContainer.swift; sourceTree = "<group>"; };
		7ADE995B29FBEB3F00D6A20F /* HomeView.swift */ = {isa = PBXFileReference; lastKnownFileType = sourcecode.swift; path = HomeView.swift; sourceTree = "<group>"; };
		7ADE995D29FBEB4D00D6A20F /* HomeViewModel.swift */ = {isa = PBXFileReference; lastKnownFileType = sourcecode.swift; path = HomeViewModel.swift; sourceTree = "<group>"; };
		7ADE995F29FBECA100D6A20F /* MovieCellView.swift */ = {isa = PBXFileReference; lastKnownFileType = sourcecode.swift; path = MovieCellView.swift; sourceTree = "<group>"; };
		7ADE996129FBED0000D6A20F /* View+Extensions.swift */ = {isa = PBXFileReference; lastKnownFileType = sourcecode.swift; path = "View+Extensions.swift"; sourceTree = "<group>"; };
		7AE1150E29DAB6FA00DEADDC /* String+Extensions.swift */ = {isa = PBXFileReference; lastKnownFileType = sourcecode.swift; path = "String+Extensions.swift"; sourceTree = "<group>"; };
		7AE1151029DABA5100DEADDC /* APIError+Localized.swift */ = {isa = PBXFileReference; lastKnownFileType = sourcecode.swift; path = "APIError+Localized.swift"; sourceTree = "<group>"; };
		7AECEA2329D1B96C004129AA /* CustomizedTextField.swift */ = {isa = PBXFileReference; lastKnownFileType = sourcecode.swift; path = CustomizedTextField.swift; sourceTree = "<group>"; };
		7AECEA2929D1C09A004129AA /* Assets+SwiftUI.swift */ = {isa = PBXFileReference; lastKnownFileType = sourcecode.swift; path = "Assets+SwiftUI.swift"; sourceTree = "<group>"; };
		7AECEA2B29D1C545004129AA /* LoginView.swift */ = {isa = PBXFileReference; lastKnownFileType = sourcecode.swift; path = LoginView.swift; sourceTree = "<group>"; };
		7AECEA2E29D1C577004129AA /* LoginViewModel.swift */ = {isa = PBXFileReference; lastKnownFileType = sourcecode.swift; path = LoginViewModel.swift; sourceTree = "<group>"; };
/* End PBXFileReference section */

/* Begin PBXFrameworksBuildPhase section */
		7A4B0B4E29CC77DF003C3700 /* Frameworks */ = {
			isa = PBXFrameworksBuildPhase;
			buildActionMask = 2147483647;
			files = (
				7AD3124129D43C17002B6253 /* Domain in Frameworks */,
				7AD3123F29D43C17002B6253 /* Data in Frameworks */,
				7AD3124429D44170002B6253 /* KeychainAccess in Frameworks */,
			);
			runOnlyForDeploymentPostprocessing = 0;
		};
		7A4B0B6329CC77E1003C3700 /* Frameworks */ = {
			isa = PBXFrameworksBuildPhase;
			buildActionMask = 2147483647;
			files = (
			);
			runOnlyForDeploymentPostprocessing = 0;
		};
		7A4B0B6D29CC77E1003C3700 /* Frameworks */ = {
			isa = PBXFrameworksBuildPhase;
			buildActionMask = 2147483647;
			files = (
			);
			runOnlyForDeploymentPostprocessing = 0;
		};
/* End PBXFrameworksBuildPhase section */

/* Begin PBXGroup section */
		7A4B0B4829CC77DF003C3700 = {
			isa = PBXGroup;
			children = (
				7A4B0B5329CC77DF003C3700 /* MoviesList */,
				7A4B0B6929CC77E1003C3700 /* MoviesListTests */,
				7A4B0B7329CC77E1003C3700 /* MoviesListUITests */,
				7A4B0B5229CC77DF003C3700 /* Products */,
				7AD3123D29D43C17002B6253 /* Frameworks */,
			);
			sourceTree = "<group>";
		};
		7A4B0B5229CC77DF003C3700 /* Products */ = {
			isa = PBXGroup;
			children = (
				7A4B0B5129CC77DF003C3700 /* MoviesList.app */,
				7A4B0B6629CC77E1003C3700 /* MoviesListTests.xctest */,
				7A4B0B7029CC77E1003C3700 /* MoviesListUITests.xctest */,
			);
			name = Products;
			sourceTree = "<group>";
		};
		7A4B0B5329CC77DF003C3700 /* MoviesList */ = {
			isa = PBXGroup;
			children = (
				7AD3123A29D43A92002B6253 /* LocalPackages */,
				7AECEA1F29D1AB9B004129AA /* Presentation */,
				7A4B0B8529CC7BE1003C3700 /* Resources */,
				7AE1150D29DAB6A400DEADDC /* Extensions */,
				7A4B0B5429CC77DF003C3700 /* MoviesListApp.swift */,
				7A4B0B5D29CC77E1003C3700 /* Persistence.swift */,
				7A4B0B5F29CC77E1003C3700 /* MoviesList.xcdatamodeld */,
				7AD6FD5C29D729F700080966 /* Info.plist */,
				7A4B0B5A29CC77E1003C3700 /* Preview Content */,
			);
			path = MoviesList;
			sourceTree = "<group>";
		};
		7A4B0B5A29CC77E1003C3700 /* Preview Content */ = {
			isa = PBXGroup;
			children = (
				7A4B0B5B29CC77E1003C3700 /* Preview Assets.xcassets */,
			);
			path = "Preview Content";
			sourceTree = "<group>";
		};
		7A4B0B6929CC77E1003C3700 /* MoviesListTests */ = {
			isa = PBXGroup;
			children = (
				7A4B0B6A29CC77E1003C3700 /* MoviesListTests.swift */,
			);
			path = MoviesListTests;
			sourceTree = "<group>";
		};
		7A4B0B7329CC77E1003C3700 /* MoviesListUITests */ = {
			isa = PBXGroup;
			children = (
				7A4B0B7429CC77E1003C3700 /* MoviesListUITests.swift */,
				7A4B0B7629CC77E1003C3700 /* MoviesListUITestsLaunchTests.swift */,
			);
			path = MoviesListUITests;
			sourceTree = "<group>";
		};
		7A4B0B8529CC7BE1003C3700 /* Resources */ = {
			isa = PBXGroup;
			children = (
				7AD5A19B29DD5DF700AF8D81 /* Fonts */,
				7A4B0B8E29CC7E7E003C3700 /* SwiftGen */,
				7A4B0B5829CC77E1003C3700 /* Images.xcassets */,
				7A4B0B9529CC8245003C3700 /* Colors.xcassets */,
				7A4B0B8A29CC7C00003C3700 /* Localizable.strings */,
			);
			path = Resources;
			sourceTree = "<group>";
		};
		7A4B0B8E29CC7E7E003C3700 /* SwiftGen */ = {
			isa = PBXGroup;
			children = (
				7A4B0B9729CC8278003C3700 /* Strings.swift */,
				7AECEA2929D1C09A004129AA /* Assets+SwiftUI.swift */,
				7A4B0B9829CC8278003C3700 /* XCAssets+Generated.swift */,
			);
			path = SwiftGen;
			sourceTree = "<group>";
		};
		7A55CDE22A2F218B007BD4F7 /* Home */ = {
			isa = PBXGroup;
			children = (
				7ADE995B29FBEB3F00D6A20F /* HomeView.swift */,
				7ADE995D29FBEB4D00D6A20F /* HomeViewModel.swift */,
			);
			path = Home;
			sourceTree = "<group>";
		};
		7A55CDE32A2F2339007BD4F7 /* MovieDetail */ = {
			isa = PBXGroup;
			children = (
				7A55CDE42A2F2365007BD4F7 /* MovieDetailView.swift */,
				7A55CDE62A2F2379007BD4F7 /* MovieDetailViewModel.swift */,
			);
			path = MovieDetail;
			sourceTree = "<group>";
		};
		7AAF28552A2FBE190098F92A /* Profile */ = {
			isa = PBXGroup;
			children = (
				7AAF28562A2FBE350098F92A /* ProfileViewModel.swift */,
				7AAF28582A2FBE400098F92A /* ProfileView.swift */,
			);
			path = Profile;
			sourceTree = "<group>";
		};
		7AB1670729D5B35E00AD80CA /* Navigation */ = {
			isa = PBXGroup;
			children = (
				7AB1670E29D5BA5A00AD80CA /* Paths */,
				7AB1670829D5B37900AD80CA /* AppCoordinatorImpl.swift */,
				7AD9265229DF0C7D005A80C5 /* AuthorizationNavigationView.swift */,
				7AD9265429DF0F99005A80C5 /* RootView.swift */,
			);
			path = Navigation;
			sourceTree = "<group>";
		};
		7AB1670E29D5BA5A00AD80CA /* Paths */ = {
			isa = PBXGroup;
			children = (
				7AB1670C29D5B53200AD80CA /* AuthorizationPath.swift */,
				7AB1670A29D5B4B700AD80CA /* RootPath.swift */,
				7AB1670F29D5BA8300AD80CA /* AppPath.swift */,
			);
			path = Paths;
			sourceTree = "<group>";
		};
		7AB3CAA929DAE8E500248E52 /* UserAvatar */ = {
			isa = PBXGroup;
			children = (
				7AB3CAA729DAE8DD00248E52 /* UserAvatarViewModel.swift */,
				7AB3CAAA29DAE90800248E52 /* UserAvatarView.swift */,
			);
			path = UserAvatar;
			sourceTree = "<group>";
		};
		7AB3CAAC29DAEA1900248E52 /* Extensions */ = {
			isa = PBXGroup;
			children = (
				7AD5A1CA29DD607E00AF8D81 /* Font+Extensions.swift */,
				7AB3CAAD29DAEA2E00248E52 /* LinearGradient+Extensions.swift */,
				7AB3CAAF29DAF42500248E52 /* Image+Extension.swift */,
				7ACC03F829DC513000D53748 /* AnyTransition+Extensions.swift */,
				7ADE996129FBED0000D6A20F /* View+Extensions.swift */,
			);
			path = Extensions;
			sourceTree = "<group>";
		};
		7AB562B22A30C0A500AB1E16 /* Search */ = {
			isa = PBXGroup;
			children = (
				7AB562B52A30C0D800AB1E16 /* SearchView.swift */,
				7AB562B72A30C0E500AB1E16 /* SearchViewModel.swift */,
			);
			path = Search;
			sourceTree = "<group>";
		};
		7AB562B92A30C14000AB1E16 /* Notes */ = {
			isa = PBXGroup;
			children = (
				7AB562BA2A30C15100AB1E16 /* NotesView.swift */,
				7AB562BC2A30C15D00AB1E16 /* NotesViewModel.swift */,
			);
			path = Notes;
			sourceTree = "<group>";
		};
		7AC0E76429F1355900FB6513 /* Main */ = {
			isa = PBXGroup;
			children = (
				7A55CDE22A2F218B007BD4F7 /* Home */,
			);
			path = Main;
			sourceTree = "<group>";
		};
		7AC1F18129DD9E6700DECEC6 /* Modifiers */ = {
			isa = PBXGroup;
			children = (
				7AB3CAB129DAFB8300248E52 /* GradientButtonStyle.swift */,
				7AC1F18229DD9E8700DECEC6 /* CustomTextStyle.swift */,
				7AC1F18429DDA04200DECEC6 /* CaptionButtonStyle.swift */,
				7AC1F19629DDC69100DECEC6 /* IconButtonStyle.swift */,
				7A55CDE82A2F25D9007BD4F7 /* TextButtonStyle.swift */,
				7A55CDEA2A2F28E8007BD4F7 /* IconModifier.swift */,
			);
			path = Modifiers;
			sourceTree = "<group>";
		};
		7AC1F18629DDA7B400DECEC6 /* Authorization */ = {
			isa = PBXGroup;
			children = (
				7AD9264D29DF0655005A80C5 /* OTPView */,
				7AD9263F29DEC015005A80C5 /* FavoriteGenre */,
				7AC1F19129DDC11300DECEC6 /* ResetPassword */,
				7AC1F18C29DDBC4900DECEC6 /* NewPassword */,
				7AC1F18729DDA7F700DECEC6 /* SignUp */,
				7AB3CAA929DAE8E500248E52 /* UserAvatar */,
				7AECEA2D29D1C549004129AA /* Login */,
			);
			path = Authorization;
			sourceTree = "<group>";
		};
		7AC1F18729DDA7F700DECEC6 /* SignUp */ = {
			isa = PBXGroup;
			children = (
				7AC1F18829DDA81D00DECEC6 /* SignUpView.swift */,
				7AC1F18A29DDA82C00DECEC6 /* SignUpViewModel.swift */,
			);
			path = SignUp;
			sourceTree = "<group>";
		};
		7AC1F18C29DDBC4900DECEC6 /* NewPassword */ = {
			isa = PBXGroup;
			children = (
				7AC1F18D29DDBC6100DECEC6 /* NewPasswordView.swift */,
				7AC1F18F29DDBC7100DECEC6 /* NewPasswordViewModel.swift */,
			);
			path = NewPassword;
			sourceTree = "<group>";
		};
		7AC1F19129DDC11300DECEC6 /* ResetPassword */ = {
			isa = PBXGroup;
			children = (
				7AC1F19229DDC15200DECEC6 /* ResetPasswordView.swift */,
				7AC1F19429DDC17C00DECEC6 /* ResetPasswordViewModel.swift */,
			);
			path = ResetPassword;
			sourceTree = "<group>";
		};
		7ACC03F329DC450500D53748 /* Utils */ = {
			isa = PBXGroup;
			children = (
				7ACC03F429DC456200D53748 /* Validation.swift */,
			);
			path = Utils;
			sourceTree = "<group>";
		};
		7AD3123A29D43A92002B6253 /* LocalPackages */ = {
			isa = PBXGroup;
			children = (
				7AD3123C29D43BCD002B6253 /* Domain */,
				7AD3123B29D43AB9002B6253 /* Data */,
			);
			path = LocalPackages;
			sourceTree = "<group>";
		};
		7AD3123D29D43C17002B6253 /* Frameworks */ = {
			isa = PBXGroup;
			children = (
			);
			name = Frameworks;
			sourceTree = "<group>";
		};
		7AD5A19B29DD5DF700AF8D81 /* Fonts */ = {
			isa = PBXGroup;
			children = (
				7AD5A1B729DD5EDA00AF8D81 /* Rubik-Black.ttf */,
				7AD5A1B529DD5EDA00AF8D81 /* Rubik-Bold.ttf */,
				7AD5A1B129DD5EDA00AF8D81 /* Rubik-ExtraBold.ttf */,
				7AD5A1B029DD5EDA00AF8D81 /* Rubik-Medium.ttf */,
				7AD5A1B929DD5EDA00AF8D81 /* Rubik-Regular.ttf */,
				7AD5A1AF29DD5ED900AF8D81 /* Rubik-SemiBold.ttf */,
			);
			path = Fonts;
			sourceTree = "<group>";
		};
		7AD9263F29DEC015005A80C5 /* FavoriteGenre */ = {
			isa = PBXGroup;
			children = (
				7AD9264029DEC079005A80C5 /* FavoriteGenreView.swift */,
				7AD9264229DEC08A005A80C5 /* FavoriteGenreViewModel.swift */,
			);
			path = FavoriteGenre;
			sourceTree = "<group>";
		};
		7AD9264629DEF7C4005A80C5 /* DIContainer */ = {
			isa = PBXGroup;
			children = (
				7A55CDDE2A2F1754007BD4F7 /* AppDIConatiner.swift */,
				7AD9264929DEF8CC005A80C5 /* UseCasesDI.swift */,
				7AD9264B29DEFE22005A80C5 /* AuthorizationDI.swift */,
			);
			path = DIContainer;
			sourceTree = "<group>";
		};
		7AD9264D29DF0655005A80C5 /* OTPView */ = {
			isa = PBXGroup;
			children = (
				7AD9264E29DF066F005A80C5 /* OTPViewModel.swift */,
				7AD9265029DF068F005A80C5 /* OTPView.swift */,
			);
			path = OTPView;
			sourceTree = "<group>";
		};
		7AE1150D29DAB6A400DEADDC /* Extensions */ = {
			isa = PBXGroup;
			children = (
				7AE1150E29DAB6FA00DEADDC /* String+Extensions.swift */,
				7AE1151029DABA5100DEADDC /* APIError+Localized.swift */,
				7ACC03F629DC4C7100D53748 /* Publisher+Extensions.swift */,
			);
			path = Extensions;
			sourceTree = "<group>";
		};
		7AECEA1F29D1AB9B004129AA /* Presentation */ = {
			isa = PBXGroup;
			children = (
				7AD9264629DEF7C4005A80C5 /* DIContainer */,
				7ACC03F329DC450500D53748 /* Utils */,
				7AB1670729D5B35E00AD80CA /* Navigation */,
				7AECEA2229D1AC2D004129AA /* Screens */,
				7AECEA2129D1AC16004129AA /* Library */,
			);
			path = Presentation;
			sourceTree = "<group>";
		};
		7AECEA2029D1ABBC004129AA /* UIComponents */ = {
			isa = PBXGroup;
			children = (
				7AECEA2329D1B96C004129AA /* CustomizedTextField.swift */,
				7AD0253E29DC1F98000A0654 /* SecureTextField.swift */,
				7AD9264429DED7C7005A80C5 /* TagFlowLayout.swift */,
				7AB403FF29E04CBC00C346E7 /* OTPTextField.swift */,
				7ADE8C0029E41F06009FCC55 /* BackgroundVContainer.swift */,
				7ADE995F29FBECA100D6A20F /* MovieCellView.swift */,
				7A55CDE02A2F1A7B007BD4F7 /* MLSelector.swift */,
				7AAF285A2A2FC3910098F92A /* MovieListCell.swift */,
			);
			path = UIComponents;
			sourceTree = "<group>";
		};
		7AECEA2129D1AC16004129AA /* Library */ = {
			isa = PBXGroup;
			children = (
				7AC1F18129DD9E6700DECEC6 /* Modifiers */,
				7AB3CAAC29DAEA1900248E52 /* Extensions */,
				7AECEA2029D1ABBC004129AA /* UIComponents */,
			);
			path = Library;
			sourceTree = "<group>";
		};
		7AECEA2229D1AC2D004129AA /* Screens */ = {
			isa = PBXGroup;
			children = (
				7AB562B92A30C14000AB1E16 /* Notes */,
				7AB562B22A30C0A500AB1E16 /* Search */,
				7AAF28552A2FBE190098F92A /* Profile */,
				7A55CDE32A2F2339007BD4F7 /* MovieDetail */,
				7AC0E76429F1355900FB6513 /* Main */,
				7AC1F18629DDA7B400DECEC6 /* Authorization */,
			);
			path = Screens;
			sourceTree = "<group>";
		};
		7AECEA2D29D1C549004129AA /* Login */ = {
			isa = PBXGroup;
			children = (
				7AECEA2B29D1C545004129AA /* LoginView.swift */,
				7AECEA2E29D1C577004129AA /* LoginViewModel.swift */,
			);
			path = Login;
			sourceTree = "<group>";
		};
/* End PBXGroup section */

/* Begin PBXNativeTarget section */
		7A4B0B5029CC77DF003C3700 /* MoviesList */ = {
			isa = PBXNativeTarget;
			buildConfigurationList = 7A4B0B7A29CC77E1003C3700 /* Build configuration list for PBXNativeTarget "MoviesList" */;
			buildPhases = (
				7A4B0B8329CC7A61003C3700 /* SwiftGen */,
				7A4B0B4D29CC77DF003C3700 /* Sources */,
				7A4B0B4E29CC77DF003C3700 /* Frameworks */,
				7A4B0B4F29CC77DF003C3700 /* Resources */,
				7A4B0B8429CC7ADC003C3700 /* SwiftLint */,
			);
			buildRules = (
			);
			dependencies = (
			);
			name = MoviesList;
			packageProductDependencies = (
				7AD3123E29D43C17002B6253 /* Data */,
				7AD3124029D43C17002B6253 /* Domain */,
				7AD3124329D44170002B6253 /* KeychainAccess */,
			);
			productName = MoviesList;
			productReference = 7A4B0B5129CC77DF003C3700 /* MoviesList.app */;
			productType = "com.apple.product-type.application";
		};
		7A4B0B6529CC77E1003C3700 /* MoviesListTests */ = {
			isa = PBXNativeTarget;
			buildConfigurationList = 7A4B0B7D29CC77E1003C3700 /* Build configuration list for PBXNativeTarget "MoviesListTests" */;
			buildPhases = (
				7A4B0B6229CC77E1003C3700 /* Sources */,
				7A4B0B6329CC77E1003C3700 /* Frameworks */,
				7A4B0B6429CC77E1003C3700 /* Resources */,
			);
			buildRules = (
			);
			dependencies = (
				7A4B0B6829CC77E1003C3700 /* PBXTargetDependency */,
			);
			name = MoviesListTests;
			productName = MoviesListTests;
			productReference = 7A4B0B6629CC77E1003C3700 /* MoviesListTests.xctest */;
			productType = "com.apple.product-type.bundle.unit-test";
		};
		7A4B0B6F29CC77E1003C3700 /* MoviesListUITests */ = {
			isa = PBXNativeTarget;
			buildConfigurationList = 7A4B0B8029CC77E1003C3700 /* Build configuration list for PBXNativeTarget "MoviesListUITests" */;
			buildPhases = (
				7A4B0B6C29CC77E1003C3700 /* Sources */,
				7A4B0B6D29CC77E1003C3700 /* Frameworks */,
				7A4B0B6E29CC77E1003C3700 /* Resources */,
			);
			buildRules = (
			);
			dependencies = (
				7A4B0B7229CC77E1003C3700 /* PBXTargetDependency */,
			);
			name = MoviesListUITests;
			productName = MoviesListUITests;
			productReference = 7A4B0B7029CC77E1003C3700 /* MoviesListUITests.xctest */;
			productType = "com.apple.product-type.bundle.ui-testing";
		};
/* End PBXNativeTarget section */

/* Begin PBXProject section */
		7A4B0B4929CC77DF003C3700 /* Project object */ = {
			isa = PBXProject;
			attributes = {
				BuildIndependentTargetsInParallel = 1;
				LastSwiftUpdateCheck = 1420;
				LastUpgradeCheck = 1420;
				TargetAttributes = {
					7A4B0B5029CC77DF003C3700 = {
						CreatedOnToolsVersion = 14.2;
					};
					7A4B0B6529CC77E1003C3700 = {
						CreatedOnToolsVersion = 14.2;
						TestTargetID = 7A4B0B5029CC77DF003C3700;
					};
					7A4B0B6F29CC77E1003C3700 = {
						CreatedOnToolsVersion = 14.2;
						TestTargetID = 7A4B0B5029CC77DF003C3700;
					};
				};
			};
			buildConfigurationList = 7A4B0B4C29CC77DF003C3700 /* Build configuration list for PBXProject "MoviesList" */;
			compatibilityVersion = "Xcode 14.0";
			developmentRegion = en;
			hasScannedForEncodings = 0;
			knownRegions = (
				en,
				Base,
				ru,
			);
			mainGroup = 7A4B0B4829CC77DF003C3700;
			packageReferences = (
				7AD3124229D44170002B6253 /* XCRemoteSwiftPackageReference "KeychainAccess" */,
			);
			productRefGroup = 7A4B0B5229CC77DF003C3700 /* Products */;
			projectDirPath = "";
			projectRoot = "";
			targets = (
				7A4B0B5029CC77DF003C3700 /* MoviesList */,
				7A4B0B6529CC77E1003C3700 /* MoviesListTests */,
				7A4B0B6F29CC77E1003C3700 /* MoviesListUITests */,
			);
		};
/* End PBXProject section */

/* Begin PBXResourcesBuildPhase section */
		7A4B0B4F29CC77DF003C3700 /* Resources */ = {
			isa = PBXResourcesBuildPhase;
			buildActionMask = 2147483647;
			files = (
				7AD5A1C329DD5EDA00AF8D81 /* Rubik-Bold.ttf in Resources */,
				7A4B0B5C29CC77E1003C3700 /* Preview Assets.xcassets in Resources */,
				7A4B0B9629CC8245003C3700 /* Colors.xcassets in Resources */,
				7AD5A1BD29DD5EDA00AF8D81 /* Rubik-SemiBold.ttf in Resources */,
				7A4B0B8829CC7C00003C3700 /* Localizable.strings in Resources */,
				7AD5A1C729DD5EDA00AF8D81 /* Rubik-Regular.ttf in Resources */,
				7A4B0B5929CC77E1003C3700 /* Images.xcassets in Resources */,
				7AD5A1BF29DD5EDA00AF8D81 /* Rubik-ExtraBold.ttf in Resources */,
				7AD5A1C529DD5EDA00AF8D81 /* Rubik-Black.ttf in Resources */,
				7AD5A1BE29DD5EDA00AF8D81 /* Rubik-Medium.ttf in Resources */,
			);
			runOnlyForDeploymentPostprocessing = 0;
		};
		7A4B0B6429CC77E1003C3700 /* Resources */ = {
			isa = PBXResourcesBuildPhase;
			buildActionMask = 2147483647;
			files = (
			);
			runOnlyForDeploymentPostprocessing = 0;
		};
		7A4B0B6E29CC77E1003C3700 /* Resources */ = {
			isa = PBXResourcesBuildPhase;
			buildActionMask = 2147483647;
			files = (
			);
			runOnlyForDeploymentPostprocessing = 0;
		};
/* End PBXResourcesBuildPhase section */

/* Begin PBXShellScriptBuildPhase section */
		7A4B0B8329CC7A61003C3700 /* SwiftGen */ = {
			isa = PBXShellScriptBuildPhase;
			buildActionMask = 2147483647;
			files = (
			);
			inputFileListPaths = (
			);
			inputPaths = (
			);
			name = SwiftGen;
			outputFileListPaths = (
			);
			outputPaths = (
			);
			runOnlyForDeploymentPostprocessing = 0;
			shellPath = /bin/sh;
			shellScript = "\"${PROJECT_DIR}/swiftgen/bin/swiftgen\"\n";
		};
		7A4B0B8429CC7ADC003C3700 /* SwiftLint */ = {
			isa = PBXShellScriptBuildPhase;
			buildActionMask = 2147483647;
			files = (
			);
			inputFileListPaths = (
			);
			inputPaths = (
			);
			name = SwiftLint;
			outputFileListPaths = (
			);
			outputPaths = (
			);
			runOnlyForDeploymentPostprocessing = 0;
			shellPath = /bin/sh;
			shellScript = "export PATH=\"$PATH:/opt/homebrew/bin\"\n\nif which swiftlint >/dev/null; then\n  swiftlint\nelse\n  echo \"warning: SwiftLint not installed, download from https://github.com/realm/SwiftLint\"\nfi\n\n";
		};
/* End PBXShellScriptBuildPhase section */

/* Begin PBXSourcesBuildPhase section */
		7A4B0B4D29CC77DF003C3700 /* Sources */ = {
			isa = PBXSourcesBuildPhase;
			buildActionMask = 2147483647;
			files = (
				7AB3CAB029DAF42500248E52 /* Image+Extension.swift in Sources */,
				7AB1670929D5B37900AD80CA /* AppCoordinatorImpl.swift in Sources */,
				7AD9264129DEC079005A80C5 /* FavoriteGenreView.swift in Sources */,
				7AB1670D29D5B53200AD80CA /* AuthorizationPath.swift in Sources */,
				7A4B0B5E29CC77E1003C3700 /* Persistence.swift in Sources */,
				7AECEA2A29D1C09A004129AA /* Assets+SwiftUI.swift in Sources */,
				7AB562B82A30C0E500AB1E16 /* SearchViewModel.swift in Sources */,
				7AAF28572A2FBE350098F92A /* ProfileViewModel.swift in Sources */,
				7ADE995C29FBEB3F00D6A20F /* HomeView.swift in Sources */,
				7AECEA2F29D1C577004129AA /* LoginViewModel.swift in Sources */,
				7AD5A1CB29DD607E00AF8D81 /* Font+Extensions.swift in Sources */,
				7AC1F19529DDC17C00DECEC6 /* ResetPasswordViewModel.swift in Sources */,
				7AECEA2429D1B96C004129AA /* CustomizedTextField.swift in Sources */,
				7AC1F18329DD9E8700DECEC6 /* CustomTextStyle.swift in Sources */,
				7AD9265129DF068F005A80C5 /* OTPView.swift in Sources */,
				7A4B0B9929CC8278003C3700 /* Strings.swift in Sources */,
				7AB4040029E04CBC00C346E7 /* OTPTextField.swift in Sources */,
				7AAF28592A2FBE400098F92A /* ProfileView.swift in Sources */,
				7A4B0B9A29CC8278003C3700 /* XCAssets+Generated.swift in Sources */,
				7AD9265529DF0F99005A80C5 /* RootView.swift in Sources */,
				7ACC03F529DC456200D53748 /* Validation.swift in Sources */,
				7AD9264F29DF066F005A80C5 /* OTPViewModel.swift in Sources */,
				7AD9265329DF0C7D005A80C5 /* AuthorizationNavigationView.swift in Sources */,
				7AB1671029D5BA8300AD80CA /* AppPath.swift in Sources */,
				7ADE8C0129E41F06009FCC55 /* BackgroundVContainer.swift in Sources */,
				7A55CDE92A2F25D9007BD4F7 /* TextButtonStyle.swift in Sources */,
				7AE1151129DABA5100DEADDC /* APIError+Localized.swift in Sources */,
				7AC1F18E29DDBC6100DECEC6 /* NewPasswordView.swift in Sources */,
				7AC1F18529DDA04200DECEC6 /* CaptionButtonStyle.swift in Sources */,
				7ADE996029FBECA100D6A20F /* MovieCellView.swift in Sources */,
				7ACC03F729DC4C7100D53748 /* Publisher+Extensions.swift in Sources */,
				7AC1F19729DDC69100DECEC6 /* IconButtonStyle.swift in Sources */,
				7AB3CAB229DAFB8300248E52 /* GradientButtonStyle.swift in Sources */,
				7AB3CAAE29DAEA2E00248E52 /* LinearGradient+Extensions.swift in Sources */,
				7AB562BD2A30C15D00AB1E16 /* NotesViewModel.swift in Sources */,
				7AD9264C29DEFE22005A80C5 /* AuthorizationDI.swift in Sources */,
				7AB562BB2A30C15100AB1E16 /* NotesView.swift in Sources */,
				7A55CDE72A2F2379007BD4F7 /* MovieDetailViewModel.swift in Sources */,
				7AB562B62A30C0D800AB1E16 /* SearchView.swift in Sources */,
				7ACC03F929DC513000D53748 /* AnyTransition+Extensions.swift in Sources */,
				7A55CDEB2A2F28E8007BD4F7 /* IconModifier.swift in Sources */,
				7AD9264A29DEF8CC005A80C5 /* UseCasesDI.swift in Sources */,
				7AAF285B2A2FC3910098F92A /* MovieListCell.swift in Sources */,
				7AB3CAAB29DAE90800248E52 /* UserAvatarView.swift in Sources */,
				7A55CDE12A2F1A7B007BD4F7 /* MLSelector.swift in Sources */,
				7A4B0B6129CC77E1003C3700 /* MoviesList.xcdatamodeld in Sources */,
				7AC1F18B29DDA82C00DECEC6 /* SignUpViewModel.swift in Sources */,
				7AB3CAA829DAE8DD00248E52 /* UserAvatarViewModel.swift in Sources */,
				7AE1150F29DAB6FA00DEADDC /* String+Extensions.swift in Sources */,
				7ADE996229FBED0000D6A20F /* View+Extensions.swift in Sources */,
				7AECEA2C29D1C545004129AA /* LoginView.swift in Sources */,
				7AC1F19329DDC15200DECEC6 /* ResetPasswordView.swift in Sources */,
				7AD0253F29DC1F98000A0654 /* SecureTextField.swift in Sources */,
				7AC1F18929DDA81D00DECEC6 /* SignUpView.swift in Sources */,
				7A55CDDF2A2F1754007BD4F7 /* AppDIConatiner.swift in Sources */,
				7AB1670B29D5B4B700AD80CA /* RootPath.swift in Sources */,
				7A55CDE52A2F2365007BD4F7 /* MovieDetailView.swift in Sources */,
				7AD9264329DEC08A005A80C5 /* FavoriteGenreViewModel.swift in Sources */,
				7AC1F19029DDBC7100DECEC6 /* NewPasswordViewModel.swift in Sources */,
				7AD9264529DED7C7005A80C5 /* TagFlowLayout.swift in Sources */,
				7A4B0B5529CC77DF003C3700 /* MoviesListApp.swift in Sources */,
				7ADE995E29FBEB4D00D6A20F /* HomeViewModel.swift in Sources */,
			);
			runOnlyForDeploymentPostprocessing = 0;
		};
		7A4B0B6229CC77E1003C3700 /* Sources */ = {
			isa = PBXSourcesBuildPhase;
			buildActionMask = 2147483647;
			files = (
				7A4B0B6B29CC77E1003C3700 /* MoviesListTests.swift in Sources */,
			);
			runOnlyForDeploymentPostprocessing = 0;
		};
		7A4B0B6C29CC77E1003C3700 /* Sources */ = {
			isa = PBXSourcesBuildPhase;
			buildActionMask = 2147483647;
			files = (
				7A4B0B7529CC77E1003C3700 /* MoviesListUITests.swift in Sources */,
				7A4B0B7729CC77E1003C3700 /* MoviesListUITestsLaunchTests.swift in Sources */,
			);
			runOnlyForDeploymentPostprocessing = 0;
		};
/* End PBXSourcesBuildPhase section */

/* Begin PBXTargetDependency section */
		7A4B0B6829CC77E1003C3700 /* PBXTargetDependency */ = {
			isa = PBXTargetDependency;
			target = 7A4B0B5029CC77DF003C3700 /* MoviesList */;
			targetProxy = 7A4B0B6729CC77E1003C3700 /* PBXContainerItemProxy */;
		};
		7A4B0B7229CC77E1003C3700 /* PBXTargetDependency */ = {
			isa = PBXTargetDependency;
			target = 7A4B0B5029CC77DF003C3700 /* MoviesList */;
			targetProxy = 7A4B0B7129CC77E1003C3700 /* PBXContainerItemProxy */;
		};
/* End PBXTargetDependency section */

/* Begin PBXVariantGroup section */
		7A4B0B8A29CC7C00003C3700 /* Localizable.strings */ = {
			isa = PBXVariantGroup;
			children = (
				7A4B0B8929CC7C00003C3700 /* en */,
				7A4B0B8B29CC7C07003C3700 /* ru */,
			);
			name = Localizable.strings;
			sourceTree = "<group>";
		};
/* End PBXVariantGroup section */

/* Begin XCBuildConfiguration section */
		7A4B0B7829CC77E1003C3700 /* Debug */ = {
			isa = XCBuildConfiguration;
			buildSettings = {
				ALWAYS_SEARCH_USER_PATHS = NO;
				CLANG_ANALYZER_NONNULL = YES;
				CLANG_ANALYZER_NUMBER_OBJECT_CONVERSION = YES_AGGRESSIVE;
				CLANG_CXX_LANGUAGE_STANDARD = "gnu++20";
				CLANG_ENABLE_MODULES = YES;
				CLANG_ENABLE_OBJC_ARC = YES;
				CLANG_ENABLE_OBJC_WEAK = YES;
				CLANG_WARN_BLOCK_CAPTURE_AUTORELEASING = YES;
				CLANG_WARN_BOOL_CONVERSION = YES;
				CLANG_WARN_COMMA = YES;
				CLANG_WARN_CONSTANT_CONVERSION = YES;
				CLANG_WARN_DEPRECATED_OBJC_IMPLEMENTATIONS = YES;
				CLANG_WARN_DIRECT_OBJC_ISA_USAGE = YES_ERROR;
				CLANG_WARN_DOCUMENTATION_COMMENTS = YES;
				CLANG_WARN_EMPTY_BODY = YES;
				CLANG_WARN_ENUM_CONVERSION = YES;
				CLANG_WARN_INFINITE_RECURSION = YES;
				CLANG_WARN_INT_CONVERSION = YES;
				CLANG_WARN_NON_LITERAL_NULL_CONVERSION = YES;
				CLANG_WARN_OBJC_IMPLICIT_RETAIN_SELF = YES;
				CLANG_WARN_OBJC_LITERAL_CONVERSION = YES;
				CLANG_WARN_OBJC_ROOT_CLASS = YES_ERROR;
				CLANG_WARN_QUOTED_INCLUDE_IN_FRAMEWORK_HEADER = YES;
				CLANG_WARN_RANGE_LOOP_ANALYSIS = YES;
				CLANG_WARN_STRICT_PROTOTYPES = YES;
				CLANG_WARN_SUSPICIOUS_MOVE = YES;
				CLANG_WARN_UNGUARDED_AVAILABILITY = YES_AGGRESSIVE;
				CLANG_WARN_UNREACHABLE_CODE = YES;
				CLANG_WARN__DUPLICATE_METHOD_MATCH = YES;
				COPY_PHASE_STRIP = NO;
				DEBUG_INFORMATION_FORMAT = dwarf;
				ENABLE_STRICT_OBJC_MSGSEND = YES;
				ENABLE_TESTABILITY = YES;
				GCC_C_LANGUAGE_STANDARD = gnu11;
				GCC_DYNAMIC_NO_PIC = NO;
				GCC_NO_COMMON_BLOCKS = YES;
				GCC_OPTIMIZATION_LEVEL = 0;
				GCC_PREPROCESSOR_DEFINITIONS = (
					"DEBUG=1",
					"$(inherited)",
				);
				GCC_WARN_64_TO_32_BIT_CONVERSION = YES;
				GCC_WARN_ABOUT_RETURN_TYPE = YES_ERROR;
				GCC_WARN_UNDECLARED_SELECTOR = YES;
				GCC_WARN_UNINITIALIZED_AUTOS = YES_AGGRESSIVE;
				GCC_WARN_UNUSED_FUNCTION = YES;
				GCC_WARN_UNUSED_VARIABLE = YES;
				IPHONEOS_DEPLOYMENT_TARGET = 16.2;
				MTL_ENABLE_DEBUG_INFO = INCLUDE_SOURCE;
				MTL_FAST_MATH = YES;
				ONLY_ACTIVE_ARCH = YES;
				SDKROOT = iphoneos;
				SWIFT_ACTIVE_COMPILATION_CONDITIONS = DEBUG;
				SWIFT_OPTIMIZATION_LEVEL = "-Onone";
			};
			name = Debug;
		};
		7A4B0B7929CC77E1003C3700 /* Release */ = {
			isa = XCBuildConfiguration;
			buildSettings = {
				ALWAYS_SEARCH_USER_PATHS = NO;
				CLANG_ANALYZER_NONNULL = YES;
				CLANG_ANALYZER_NUMBER_OBJECT_CONVERSION = YES_AGGRESSIVE;
				CLANG_CXX_LANGUAGE_STANDARD = "gnu++20";
				CLANG_ENABLE_MODULES = YES;
				CLANG_ENABLE_OBJC_ARC = YES;
				CLANG_ENABLE_OBJC_WEAK = YES;
				CLANG_WARN_BLOCK_CAPTURE_AUTORELEASING = YES;
				CLANG_WARN_BOOL_CONVERSION = YES;
				CLANG_WARN_COMMA = YES;
				CLANG_WARN_CONSTANT_CONVERSION = YES;
				CLANG_WARN_DEPRECATED_OBJC_IMPLEMENTATIONS = YES;
				CLANG_WARN_DIRECT_OBJC_ISA_USAGE = YES_ERROR;
				CLANG_WARN_DOCUMENTATION_COMMENTS = YES;
				CLANG_WARN_EMPTY_BODY = YES;
				CLANG_WARN_ENUM_CONVERSION = YES;
				CLANG_WARN_INFINITE_RECURSION = YES;
				CLANG_WARN_INT_CONVERSION = YES;
				CLANG_WARN_NON_LITERAL_NULL_CONVERSION = YES;
				CLANG_WARN_OBJC_IMPLICIT_RETAIN_SELF = YES;
				CLANG_WARN_OBJC_LITERAL_CONVERSION = YES;
				CLANG_WARN_OBJC_ROOT_CLASS = YES_ERROR;
				CLANG_WARN_QUOTED_INCLUDE_IN_FRAMEWORK_HEADER = YES;
				CLANG_WARN_RANGE_LOOP_ANALYSIS = YES;
				CLANG_WARN_STRICT_PROTOTYPES = YES;
				CLANG_WARN_SUSPICIOUS_MOVE = YES;
				CLANG_WARN_UNGUARDED_AVAILABILITY = YES_AGGRESSIVE;
				CLANG_WARN_UNREACHABLE_CODE = YES;
				CLANG_WARN__DUPLICATE_METHOD_MATCH = YES;
				COPY_PHASE_STRIP = NO;
				DEBUG_INFORMATION_FORMAT = "dwarf-with-dsym";
				ENABLE_NS_ASSERTIONS = NO;
				ENABLE_STRICT_OBJC_MSGSEND = YES;
				GCC_C_LANGUAGE_STANDARD = gnu11;
				GCC_NO_COMMON_BLOCKS = YES;
				GCC_WARN_64_TO_32_BIT_CONVERSION = YES;
				GCC_WARN_ABOUT_RETURN_TYPE = YES_ERROR;
				GCC_WARN_UNDECLARED_SELECTOR = YES;
				GCC_WARN_UNINITIALIZED_AUTOS = YES_AGGRESSIVE;
				GCC_WARN_UNUSED_FUNCTION = YES;
				GCC_WARN_UNUSED_VARIABLE = YES;
				IPHONEOS_DEPLOYMENT_TARGET = 16.2;
				MTL_ENABLE_DEBUG_INFO = NO;
				MTL_FAST_MATH = YES;
				SDKROOT = iphoneos;
				SWIFT_COMPILATION_MODE = wholemodule;
				SWIFT_OPTIMIZATION_LEVEL = "-O";
				VALIDATE_PRODUCT = YES;
			};
			name = Release;
		};
		7A4B0B7B29CC77E1003C3700 /* Debug */ = {
			isa = XCBuildConfiguration;
			buildSettings = {
				ASSETCATALOG_COMPILER_APPICON_NAME = AppIcon;
				ASSETCATALOG_COMPILER_GLOBAL_ACCENT_COLOR_NAME = AccentColor;
				CODE_SIGN_STYLE = Automatic;
				CURRENT_PROJECT_VERSION = 1;
				DEVELOPMENT_ASSET_PATHS = "\"MoviesList/Preview Content\"";
				DEVELOPMENT_TEAM = 98AQ9AMJGT;
				ENABLE_PREVIEWS = YES;
				GENERATE_INFOPLIST_FILE = YES;
				INFOPLIST_FILE = MoviesList/Info.plist;
				INFOPLIST_KEY_UIApplicationSceneManifest_Generation = YES;
				INFOPLIST_KEY_UIApplicationSupportsIndirectInputEvents = YES;
				INFOPLIST_KEY_UILaunchScreen_Generation = YES;
				INFOPLIST_KEY_UIRequiresFullScreen = NO;
				INFOPLIST_KEY_UIStatusBarStyle = UIStatusBarStyleLightContent;
				INFOPLIST_KEY_UISupportedInterfaceOrientations = UIInterfaceOrientationPortrait;
				IPHONEOS_DEPLOYMENT_TARGET = 16.0;
				LD_RUNPATH_SEARCH_PATHS = (
					"$(inherited)",
					"@executable_path/Frameworks",
				);
				MARKETING_VERSION = 1.0;
				PRODUCT_BUNDLE_IDENTIFIER = com.markish.movielist.MoviesList;
				PRODUCT_NAME = "$(TARGET_NAME)";
				SWIFT_EMIT_LOC_STRINGS = YES;
				SWIFT_VERSION = 5.0;
				TARGETED_DEVICE_FAMILY = "1,2";
			};
			name = Debug;
		};
		7A4B0B7C29CC77E1003C3700 /* Release */ = {
			isa = XCBuildConfiguration;
			buildSettings = {
				ASSETCATALOG_COMPILER_APPICON_NAME = AppIcon;
				ASSETCATALOG_COMPILER_GLOBAL_ACCENT_COLOR_NAME = AccentColor;
				CODE_SIGN_STYLE = Automatic;
				CURRENT_PROJECT_VERSION = 1;
				DEVELOPMENT_ASSET_PATHS = "\"MoviesList/Preview Content\"";
				DEVELOPMENT_TEAM = 98AQ9AMJGT;
				ENABLE_PREVIEWS = YES;
				GENERATE_INFOPLIST_FILE = YES;
				INFOPLIST_FILE = MoviesList/Info.plist;
				INFOPLIST_KEY_UIApplicationSceneManifest_Generation = YES;
				INFOPLIST_KEY_UIApplicationSupportsIndirectInputEvents = YES;
				INFOPLIST_KEY_UILaunchScreen_Generation = YES;
				INFOPLIST_KEY_UIRequiresFullScreen = NO;
				INFOPLIST_KEY_UIStatusBarStyle = UIStatusBarStyleLightContent;
				INFOPLIST_KEY_UISupportedInterfaceOrientations = UIInterfaceOrientationPortrait;
				IPHONEOS_DEPLOYMENT_TARGET = 16.0;
				LD_RUNPATH_SEARCH_PATHS = (
					"$(inherited)",
					"@executable_path/Frameworks",
				);
				MARKETING_VERSION = 1.0;
				PRODUCT_BUNDLE_IDENTIFIER = com.markish.movielist.MoviesList;
				PRODUCT_NAME = "$(TARGET_NAME)";
				SWIFT_EMIT_LOC_STRINGS = YES;
				SWIFT_VERSION = 5.0;
				TARGETED_DEVICE_FAMILY = "1,2";
			};
			name = Release;
		};
		7A4B0B7E29CC77E1003C3700 /* Debug */ = {
			isa = XCBuildConfiguration;
			buildSettings = {
				ALWAYS_EMBED_SWIFT_STANDARD_LIBRARIES = YES;
				BUNDLE_LOADER = "$(TEST_HOST)";
				CODE_SIGN_STYLE = Automatic;
				CURRENT_PROJECT_VERSION = 1;
				DEVELOPMENT_TEAM = 2DA8D383L8;
				GENERATE_INFOPLIST_FILE = YES;
				IPHONEOS_DEPLOYMENT_TARGET = 16.2;
				MARKETING_VERSION = 1.0;
				PRODUCT_BUNDLE_IDENTIFIER = com.markish.movielist.MoviesListTests;
				PRODUCT_NAME = "$(TARGET_NAME)";
				SWIFT_EMIT_LOC_STRINGS = NO;
				SWIFT_VERSION = 5.0;
				TARGETED_DEVICE_FAMILY = "1,2";
				TEST_HOST = "$(BUILT_PRODUCTS_DIR)/MoviesList.app/$(BUNDLE_EXECUTABLE_FOLDER_PATH)/MoviesList";
			};
			name = Debug;
		};
		7A4B0B7F29CC77E1003C3700 /* Release */ = {
			isa = XCBuildConfiguration;
			buildSettings = {
				ALWAYS_EMBED_SWIFT_STANDARD_LIBRARIES = YES;
				BUNDLE_LOADER = "$(TEST_HOST)";
				CODE_SIGN_STYLE = Automatic;
				CURRENT_PROJECT_VERSION = 1;
				DEVELOPMENT_TEAM = 2DA8D383L8;
				GENERATE_INFOPLIST_FILE = YES;
				IPHONEOS_DEPLOYMENT_TARGET = 16.2;
				MARKETING_VERSION = 1.0;
				PRODUCT_BUNDLE_IDENTIFIER = com.markish.movielist.MoviesListTests;
				PRODUCT_NAME = "$(TARGET_NAME)";
				SWIFT_EMIT_LOC_STRINGS = NO;
				SWIFT_VERSION = 5.0;
				TARGETED_DEVICE_FAMILY = "1,2";
				TEST_HOST = "$(BUILT_PRODUCTS_DIR)/MoviesList.app/$(BUNDLE_EXECUTABLE_FOLDER_PATH)/MoviesList";
			};
			name = Release;
		};
		7A4B0B8129CC77E1003C3700 /* Debug */ = {
			isa = XCBuildConfiguration;
			buildSettings = {
				ALWAYS_EMBED_SWIFT_STANDARD_LIBRARIES = YES;
				CODE_SIGN_STYLE = Automatic;
				CURRENT_PROJECT_VERSION = 1;
				DEVELOPMENT_TEAM = 2DA8D383L8;
				GENERATE_INFOPLIST_FILE = YES;
				MARKETING_VERSION = 1.0;
				PRODUCT_BUNDLE_IDENTIFIER = com.markish.movielist.MoviesListUITests;
				PRODUCT_NAME = "$(TARGET_NAME)";
				SWIFT_EMIT_LOC_STRINGS = NO;
				SWIFT_VERSION = 5.0;
				TARGETED_DEVICE_FAMILY = "1,2";
				TEST_TARGET_NAME = MoviesList;
			};
			name = Debug;
		};
		7A4B0B8229CC77E1003C3700 /* Release */ = {
			isa = XCBuildConfiguration;
			buildSettings = {
				ALWAYS_EMBED_SWIFT_STANDARD_LIBRARIES = YES;
				CODE_SIGN_STYLE = Automatic;
				CURRENT_PROJECT_VERSION = 1;
				DEVELOPMENT_TEAM = 2DA8D383L8;
				GENERATE_INFOPLIST_FILE = YES;
				MARKETING_VERSION = 1.0;
				PRODUCT_BUNDLE_IDENTIFIER = com.markish.movielist.MoviesListUITests;
				PRODUCT_NAME = "$(TARGET_NAME)";
				SWIFT_EMIT_LOC_STRINGS = NO;
				SWIFT_VERSION = 5.0;
				TARGETED_DEVICE_FAMILY = "1,2";
				TEST_TARGET_NAME = MoviesList;
			};
			name = Release;
		};
/* End XCBuildConfiguration section */

/* Begin XCConfigurationList section */
		7A4B0B4C29CC77DF003C3700 /* Build configuration list for PBXProject "MoviesList" */ = {
			isa = XCConfigurationList;
			buildConfigurations = (
				7A4B0B7829CC77E1003C3700 /* Debug */,
				7A4B0B7929CC77E1003C3700 /* Release */,
			);
			defaultConfigurationIsVisible = 0;
			defaultConfigurationName = Release;
		};
		7A4B0B7A29CC77E1003C3700 /* Build configuration list for PBXNativeTarget "MoviesList" */ = {
			isa = XCConfigurationList;
			buildConfigurations = (
				7A4B0B7B29CC77E1003C3700 /* Debug */,
				7A4B0B7C29CC77E1003C3700 /* Release */,
			);
			defaultConfigurationIsVisible = 0;
			defaultConfigurationName = Release;
		};
		7A4B0B7D29CC77E1003C3700 /* Build configuration list for PBXNativeTarget "MoviesListTests" */ = {
			isa = XCConfigurationList;
			buildConfigurations = (
				7A4B0B7E29CC77E1003C3700 /* Debug */,
				7A4B0B7F29CC77E1003C3700 /* Release */,
			);
			defaultConfigurationIsVisible = 0;
			defaultConfigurationName = Release;
		};
		7A4B0B8029CC77E1003C3700 /* Build configuration list for PBXNativeTarget "MoviesListUITests" */ = {
			isa = XCConfigurationList;
			buildConfigurations = (
				7A4B0B8129CC77E1003C3700 /* Debug */,
				7A4B0B8229CC77E1003C3700 /* Release */,
			);
			defaultConfigurationIsVisible = 0;
			defaultConfigurationName = Release;
		};
/* End XCConfigurationList section */

/* Begin XCRemoteSwiftPackageReference section */
		7AD3124229D44170002B6253 /* XCRemoteSwiftPackageReference "KeychainAccess" */ = {
			isa = XCRemoteSwiftPackageReference;
			repositoryURL = "https://github.com/kishikawakatsumi/KeychainAccess.git";
			requirement = {
				branch = master;
				kind = branch;
			};
		};
/* End XCRemoteSwiftPackageReference section */

/* Begin XCSwiftPackageProductDependency section */
		7AD3123E29D43C17002B6253 /* Data */ = {
			isa = XCSwiftPackageProductDependency;
			productName = Data;
		};
		7AD3124029D43C17002B6253 /* Domain */ = {
			isa = XCSwiftPackageProductDependency;
			productName = Domain;
		};
		7AD3124329D44170002B6253 /* KeychainAccess */ = {
			isa = XCSwiftPackageProductDependency;
			package = 7AD3124229D44170002B6253 /* XCRemoteSwiftPackageReference "KeychainAccess" */;
			productName = KeychainAccess;
		};
/* End XCSwiftPackageProductDependency section */

/* Begin XCVersionGroup section */
		7A4B0B5F29CC77E1003C3700 /* MoviesList.xcdatamodeld */ = {
			isa = XCVersionGroup;
			children = (
				7A4B0B6029CC77E1003C3700 /* MoviesList.xcdatamodel */,
			);
			currentVersion = 7A4B0B6029CC77E1003C3700 /* MoviesList.xcdatamodel */;
			path = MoviesList.xcdatamodeld;
			sourceTree = "<group>";
			versionGroupType = wrapper.xcdatamodel;
		};
/* End XCVersionGroup section */
	};
	rootObject = 7A4B0B4929CC77DF003C3700 /* Project object */;
}
